// !$*UTF8*$!
{
	archiveVersion = 1;
	classes = {
	};
	objectVersion = 56;
	objects = {

/* Begin PBXBuildFile section */
		90AEC1EA2CBDD60B00E339B2 /* Displaying_a_ListApp.swift in Sources */ = {isa = PBXBuildFile; fileRef = 90AEC1E92CBDD60B00E339B2 /* Displaying_a_ListApp.swift */; };
		90AEC1EC2CBDD60B00E339B2 /* ContentView.swift in Sources */ = {isa = PBXBuildFile; fileRef = 90AEC1EB2CBDD60B00E339B2 /* ContentView.swift */; };
		90AEC1EE2CBDD60D00E339B2 /* Assets.xcassets in Resources */ = {isa = PBXBuildFile; fileRef = 90AEC1ED2CBDD60D00E339B2 /* Assets.xcassets */; };
		90AEC1F12CBDD60D00E339B2 /* Preview Assets.xcassets in Resources */ = {isa = PBXBuildFile; fileRef = 90AEC1F02CBDD60D00E339B2 /* Preview Assets.xcassets */; };
		90AEC1FB2CBDD60E00E339B2 /* Displaying_a_ListTests.swift in Sources */ = {isa = PBXBuildFile; fileRef = 90AEC1FA2CBDD60E00E339B2 /* Displaying_a_ListTests.swift */; };
		90AEC2052CBDD60E00E339B2 /* Displaying_a_ListUITests.swift in Sources */ = {isa = PBXBuildFile; fileRef = 90AEC2042CBDD60E00E339B2 /* Displaying_a_ListUITests.swift */; };
		90AEC2072CBDD60E00E339B2 /* Displaying_a_ListUITestsLaunchTests.swift in Sources */ = {isa = PBXBuildFile; fileRef = 90AEC2062CBDD60E00E339B2 /* Displaying_a_ListUITestsLaunchTests.swift */; };
/* End PBXBuildFile section */

/* Begin PBXContainerItemProxy section */
		90AEC1F72CBDD60E00E339B2 /* PBXContainerItemProxy */ = {
			isa = PBXContainerItemProxy;
			containerPortal = 90AEC1DE2CBDD60B00E339B2 /* Project object */;
			proxyType = 1;
			remoteGlobalIDString = 90AEC1E52CBDD60B00E339B2;
			remoteInfo = "Displaying a List";
		};
		90AEC2012CBDD60E00E339B2 /* PBXContainerItemProxy */ = {
			isa = PBXContainerItemProxy;
			containerPortal = 90AEC1DE2CBDD60B00E339B2 /* Project object */;
			proxyType = 1;
			remoteGlobalIDString = 90AEC1E52CBDD60B00E339B2;
			remoteInfo = "Displaying a List";
		};
/* End PBXContainerItemProxy section */

/* Begin PBXFileReference section */
		90AEC1E62CBDD60B00E339B2 /* Displaying a List.app */ = {isa = PBXFileReference; explicitFileType = wrapper.application; includeInIndex = 0; path = "Displaying a List.app"; sourceTree = BUILT_PRODUCTS_DIR; };
		90AEC1E92CBDD60B00E339B2 /* Displaying_a_ListApp.swift */ = {isa = PBXFileReference; lastKnownFileType = sourcecode.swift; path = Displaying_a_ListApp.swift; sourceTree = "<group>"; };
		90AEC1EB2CBDD60B00E339B2 /* ContentView.swift */ = {isa = PBXFileReference; lastKnownFileType = sourcecode.swift; path = ContentView.swift; sourceTree = "<group>"; };
		90AEC1ED2CBDD60D00E339B2 /* Assets.xcassets */ = {isa = PBXFileReference; lastKnownFileType = folder.assetcatalog; path = Assets.xcassets; sourceTree = "<group>"; };
		90AEC1F02CBDD60D00E339B2 /* Preview Assets.xcassets */ = {isa = PBXFileReference; lastKnownFileType = folder.assetcatalog; path = "Preview Assets.xcassets"; sourceTree = "<group>"; };
		90AEC1F62CBDD60E00E339B2 /* Displaying a ListTests.xctest */ = {isa = PBXFileReference; explicitFileType = wrapper.cfbundle; includeInIndex = 0; path = "Displaying a ListTests.xctest"; sourceTree = BUILT_PRODUCTS_DIR; };
		90AEC1FA2CBDD60E00E339B2 /* Displaying_a_ListTests.swift */ = {isa = PBXFileReference; lastKnownFileType = sourcecode.swift; path = Displaying_a_ListTests.swift; sourceTree = "<group>"; };
		90AEC2002CBDD60E00E339B2 /* Displaying a ListUITests.xctest */ = {isa = PBXFileReference; explicitFileType = wrapper.cfbundle; includeInIndex = 0; path = "Displaying a ListUITests.xctest"; sourceTree = BUILT_PRODUCTS_DIR; };
		90AEC2042CBDD60E00E339B2 /* Displaying_a_ListUITests.swift */ = {isa = PBXFileReference; lastKnownFileType = sourcecode.swift; path = Displaying_a_ListUITests.swift; sourceTree = "<group>"; };
		90AEC2062CBDD60E00E339B2 /* Displaying_a_ListUITestsLaunchTests.swift */ = {isa = PBXFileReference; lastKnownFileType = sourcecode.swift; path = Displaying_a_ListUITestsLaunchTests.swift; sourceTree = "<group>"; };
/* End PBXFileReference section */

/* Begin PBXFrameworksBuildPhase section */
		90AEC1E32CBDD60B00E339B2 /* Frameworks */ = {
			isa = PBXFrameworksBuildPhase;
			buildActionMask = 2147483647;
			files = (
			);
			runOnlyForDeploymentPostprocessing = 0;
		};
		90AEC1F32CBDD60E00E339B2 /* Frameworks */ = {
			isa = PBXFrameworksBuildPhase;
			buildActionMask = 2147483647;
			files = (
			);
			runOnlyForDeploymentPostprocessing = 0;
		};
		90AEC1FD2CBDD60E00E339B2 /* Frameworks */ = {
			isa = PBXFrameworksBuildPhase;
			buildActionMask = 2147483647;
			files = (
			);
			runOnlyForDeploymentPostprocessing = 0;
		};
/* End PBXFrameworksBuildPhase section */

/* Begin PBXGroup section */
		90AEC1DD2CBDD60B00E339B2 = {
			isa = PBXGroup;
			children = (
				90AEC1E82CBDD60B00E339B2 /* Displaying a List */,
				90AEC1F92CBDD60E00E339B2 /* Displaying a ListTests */,
				90AEC2032CBDD60E00E339B2 /* Displaying a ListUITests */,
				90AEC1E72CBDD60B00E339B2 /* Products */,
			);
			sourceTree = "<group>";
		};
		90AEC1E72CBDD60B00E339B2 /* Products */ = {
			isa = PBXGroup;
			children = (
				90AEC1E62CBDD60B00E339B2 /* Displaying a List.app */,
				90AEC1F62CBDD60E00E339B2 /* Displaying a ListTests.xctest */,
				90AEC2002CBDD60E00E339B2 /* Displaying a ListUITests.xctest */,
			);
			name = Products;
			sourceTree = "<group>";
		};
		90AEC1E82CBDD60B00E339B2 /* Displaying a List */ = {
			isa = PBXGroup;
			children = (
				90AEC1E92CBDD60B00E339B2 /* Displaying_a_ListApp.swift */,
				90AEC1EB2CBDD60B00E339B2 /* ContentView.swift */,
				90AEC1ED2CBDD60D00E339B2 /* Assets.xcassets */,
				90AEC1EF2CBDD60D00E339B2 /* Preview Content */,
			);
			path = "Displaying a List";
			sourceTree = "<group>";
		};
		90AEC1EF2CBDD60D00E339B2 /* Preview Content */ = {
			isa = PBXGroup;
			children = (
				90AEC1F02CBDD60D00E339B2 /* Preview Assets.xcassets */,
			);
			path = "Preview Content";
			sourceTree = "<group>";
		};
		90AEC1F92CBDD60E00E339B2 /* Displaying a ListTests */ = {
			isa = PBXGroup;
			children = (
				90AEC1FA2CBDD60E00E339B2 /* Displaying_a_ListTests.swift */,
			);
			path = "Displaying a ListTests";
			sourceTree = "<group>";
		};
		90AEC2032CBDD60E00E339B2 /* Displaying a ListUITests */ = {
			isa = PBXGroup;
			children = (
				90AEC2042CBDD60E00E339B2 /* Displaying_a_ListUITests.swift */,
				90AEC2062CBDD60E00E339B2 /* Displaying_a_ListUITestsLaunchTests.swift */,
			);
			path = "Displaying a ListUITests";
			sourceTree = "<group>";
		};
/* End PBXGroup section */

/* Begin PBXNativeTarget section */
		90AEC1E52CBDD60B00E339B2 /* Displaying a List */ = {
			isa = PBXNativeTarget;
			buildConfigurationList = 90AEC20A2CBDD60E00E339B2 /* Build configuration list for PBXNativeTarget "Displaying a List" */;
			buildPhases = (
				90AEC1E22CBDD60B00E339B2 /* Sources */,
				90AEC1E32CBDD60B00E339B2 /* Frameworks */,
				90AEC1E42CBDD60B00E339B2 /* Resources */,
			);
			buildRules = (
			);
			dependencies = (
			);
			name = "Displaying a List";
			productName = "Displaying a List";
			productReference = 90AEC1E62CBDD60B00E339B2 /* Displaying a List.app */;
			productType = "com.apple.product-type.application";
		};
		90AEC1F52CBDD60E00E339B2 /* Displaying a ListTests */ = {
			isa = PBXNativeTarget;
			buildConfigurationList = 90AEC20D2CBDD60E00E339B2 /* Build configuration list for PBXNativeTarget "Displaying a ListTests" */;
			buildPhases = (
				90AEC1F22CBDD60E00E339B2 /* Sources */,
				90AEC1F32CBDD60E00E339B2 /* Frameworks */,
				90AEC1F42CBDD60E00E339B2 /* Resources */,
			);
			buildRules = (
			);
			dependencies = (
				90AEC1F82CBDD60E00E339B2 /* PBXTargetDependency */,
			);
			name = "Displaying a ListTests";
			productName = "Displaying a ListTests";
			productReference = 90AEC1F62CBDD60E00E339B2 /* Displaying a ListTests.xctest */;
			productType = "com.apple.product-type.bundle.unit-test";
		};
		90AEC1FF2CBDD60E00E339B2 /* Displaying a ListUITests */ = {
			isa = PBXNativeTarget;
			buildConfigurationList = 90AEC2102CBDD60E00E339B2 /* Build configuration list for PBXNativeTarget "Displaying a ListUITests" */;
			buildPhases = (
				90AEC1FC2CBDD60E00E339B2 /* Sources */,
				90AEC1FD2CBDD60E00E339B2 /* Frameworks */,
				90AEC1FE2CBDD60E00E339B2 /* Resources */,
			);
			buildRules = (
			);
			dependencies = (
				90AEC2022CBDD60E00E339B2 /* PBXTargetDependency */,
			);
			name = "Displaying a ListUITests";
			productName = "Displaying a ListUITests";
			productReference = 90AEC2002CBDD60E00E339B2 /* Displaying a ListUITests.xctest */;
			productType = "com.apple.product-type.bundle.ui-testing";
		};
/* End PBXNativeTarget section */

/* Begin PBXProject section */
		90AEC1DE2CBDD60B00E339B2 /* Project object */ = {
			isa = PBXProject;
			attributes = {
				BuildIndependentTargetsInParallel = 1;
				LastSwiftUpdateCheck = 1540;
				LastUpgradeCheck = 1540;
				TargetAttributes = {
					90AEC1E52CBDD60B00E339B2 = {
						CreatedOnToolsVersion = 15.4;
					};
					90AEC1F52CBDD60E00E339B2 = {
						CreatedOnToolsVersion = 15.4;
						TestTargetID = 90AEC1E52CBDD60B00E339B2;
					};
					90AEC1FF2CBDD60E00E339B2 = {
						CreatedOnToolsVersion = 15.4;
						TestTargetID = 90AEC1E52CBDD60B00E339B2;
					};
				};
			};
			buildConfigurationList = 90AEC1E12CBDD60B00E339B2 /* Build configuration list for PBXProject "Displaying a List" */;
			compatibilityVersion = "Xcode 14.0";
			developmentRegion = en;
			hasScannedForEncodings = 0;
			knownRegions = (
				en,
				Base,
			);
			mainGroup = 90AEC1DD2CBDD60B00E339B2;
			productRefGroup = 90AEC1E72CBDD60B00E339B2 /* Products */;
			projectDirPath = "";
			projectRoot = "";
			targets = (
				90AEC1E52CBDD60B00E339B2 /* Displaying a List */,
				90AEC1F52CBDD60E00E339B2 /* Displaying a ListTests */,
				90AEC1FF2CBDD60E00E339B2 /* Displaying a ListUITests */,
			);
		};
/* End PBXProject section */

/* Begin PBXResourcesBuildPhase section */
		90AEC1E42CBDD60B00E339B2 /* Resources */ = {
			isa = PBXResourcesBuildPhase;
			buildActionMask = 2147483647;
			files = (
				90AEC1F12CBDD60D00E339B2 /* Preview Assets.xcassets in Resources */,
				90AEC1EE2CBDD60D00E339B2 /* Assets.xcassets in Resources */,
			);
			runOnlyForDeploymentPostprocessing = 0;
		};
		90AEC1F42CBDD60E00E339B2 /* Resources */ = {
			isa = PBXResourcesBuildPhase;
			buildActionMask = 2147483647;
			files = (
			);
			runOnlyForDeploymentPostprocessing = 0;
		};
		90AEC1FE2CBDD60E00E339B2 /* Resources */ = {
			isa = PBXResourcesBuildPhase;
			buildActionMask = 2147483647;
			files = (
			);
			runOnlyForDeploymentPostprocessing = 0;
		};
/* End PBXResourcesBuildPhase section */

/* Begin PBXSourcesBuildPhase section */
		90AEC1E22CBDD60B00E339B2 /* Sources */ = {
			isa = PBXSourcesBuildPhase;
			buildActionMask = 2147483647;
			files = (
				90AEC1EC2CBDD60B00E339B2 /* ContentView.swift in Sources */,
				90AEC1EA2CBDD60B00E339B2 /* Displaying_a_ListApp.swift in Sources */,
			);
			runOnlyForDeploymentPostprocessing = 0;
		};
		90AEC1F22CBDD60E00E339B2 /* Sources */ = {
			isa = PBXSourcesBuildPhase;
			buildActionMask = 2147483647;
			files = (
				90AEC1FB2CBDD60E00E339B2 /* Displaying_a_ListTests.swift in Sources */,
			);
			runOnlyForDeploymentPostprocessing = 0;
		};
		90AEC1FC2CBDD60E00E339B2 /* Sources */ = {
			isa = PBXSourcesBuildPhase;
			buildActionMask = 2147483647;
			files = (
				90AEC2072CBDD60E00E339B2 /* Displaying_a_ListUITestsLaunchTests.swift in Sources */,
				90AEC2052CBDD60E00E339B2 /* Displaying_a_ListUITests.swift in Sources */,
			);
			runOnlyForDeploymentPostprocessing = 0;
		};
/* End PBXSourcesBuildPhase section */

/* Begin PBXTargetDependency section */
		90AEC1F82CBDD60E00E339B2 /* PBXTargetDependency */ = {
			isa = PBXTargetDependency;
			target = 90AEC1E52CBDD60B00E339B2 /* Displaying a List */;
			targetProxy = 90AEC1F72CBDD60E00E339B2 /* PBXContainerItemProxy */;
		};
		90AEC2022CBDD60E00E339B2 /* PBXTargetDependency */ = {
			isa = PBXTargetDependency;
			target = 90AEC1E52CBDD60B00E339B2 /* Displaying a List */;
			targetProxy = 90AEC2012CBDD60E00E339B2 /* PBXContainerItemProxy */;
		};
/* End PBXTargetDependency section */

/* Begin XCBuildConfiguration section */
		90AEC2082CBDD60E00E339B2 /* Debug */ = {
			isa = XCBuildConfiguration;
			buildSettings = {
				ALWAYS_SEARCH_USER_PATHS = NO;
				ASSETCATALOG_COMPILER_GENERATE_SWIFT_ASSET_SYMBOL_EXTENSIONS = YES;
				CLANG_ANALYZER_NONNULL = YES;
				CLANG_ANALYZER_NUMBER_OBJECT_CONVERSION = YES_AGGRESSIVE;
				CLANG_CXX_LANGUAGE_STANDARD = "gnu++20";
				CLANG_ENABLE_MODULES = YES;
				CLANG_ENABLE_OBJC_ARC = YES;
				CLANG_ENABLE_OBJC_WEAK = YES;
				CLANG_WARN_BLOCK_CAPTURE_AUTORELEASING = YES;
				CLANG_WARN_BOOL_CONVERSION = YES;
				CLANG_WARN_COMMA = YES;
				CLANG_WARN_CONSTANT_CONVERSION = YES;
				CLANG_WARN_DEPRECATED_OBJC_IMPLEMENTATIONS = YES;
				CLANG_WARN_DIRECT_OBJC_ISA_USAGE = YES_ERROR;
				CLANG_WARN_DOCUMENTATION_COMMENTS = YES;
				CLANG_WARN_EMPTY_BODY = YES;
				CLANG_WARN_ENUM_CONVERSION = YES;
				CLANG_WARN_INFINITE_RECURSION = YES;
				CLANG_WARN_INT_CONVERSION = YES;
				CLANG_WARN_NON_LITERAL_NULL_CONVERSION = YES;
				CLANG_WARN_OBJC_IMPLICIT_RETAIN_SELF = YES;
				CLANG_WARN_OBJC_LITERAL_CONVERSION = YES;
				CLANG_WARN_OBJC_ROOT_CLASS = YES_ERROR;
				CLANG_WARN_QUOTED_INCLUDE_IN_FRAMEWORK_HEADER = YES;
				CLANG_WARN_RANGE_LOOP_ANALYSIS = YES;
				CLANG_WARN_STRICT_PROTOTYPES = YES;
				CLANG_WARN_SUSPICIOUS_MOVE = YES;
				CLANG_WARN_UNGUARDED_AVAILABILITY = YES_AGGRESSIVE;
				CLANG_WARN_UNREACHABLE_CODE = YES;
				CLANG_WARN__DUPLICATE_METHOD_MATCH = YES;
				COPY_PHASE_STRIP = NO;
				DEBUG_INFORMATION_FORMAT = dwarf;
				ENABLE_STRICT_OBJC_MSGSEND = YES;
				ENABLE_TESTABILITY = YES;
				ENABLE_USER_SCRIPT_SANDBOXING = YES;
				GCC_C_LANGUAGE_STANDARD = gnu17;
				GCC_DYNAMIC_NO_PIC = NO;
				GCC_NO_COMMON_BLOCKS = YES;
				GCC_OPTIMIZATION_LEVEL = 0;
				GCC_PREPROCESSOR_DEFINITIONS = (
					"DEBUG=1",
					"$(inherited)",
				);
				GCC_WARN_64_TO_32_BIT_CONVERSION = YES;
				GCC_WARN_ABOUT_RETURN_TYPE = YES_ERROR;
				GCC_WARN_UNDECLARED_SELECTOR = YES;
				GCC_WARN_UNINITIALIZED_AUTOS = YES_AGGRESSIVE;
				GCC_WARN_UNUSED_FUNCTION = YES;
				GCC_WARN_UNUSED_VARIABLE = YES;
				IPHONEOS_DEPLOYMENT_TARGET = 17.5;
				LOCALIZATION_PREFERS_STRING_CATALOGS = YES;
				MTL_ENABLE_DEBUG_INFO = INCLUDE_SOURCE;
				MTL_FAST_MATH = YES;
				ONLY_ACTIVE_ARCH = YES;
				SDKROOT = iphoneos;
				SWIFT_ACTIVE_COMPILATION_CONDITIONS = "DEBUG $(inherited)";
				SWIFT_OPTIMIZATION_LEVEL = "-Onone";
			};
			name = Debug;
		};
		90AEC2092CBDD60E00E339B2 /* Release */ = {
			isa = XCBuildConfiguration;
			buildSettings = {
				ALWAYS_SEARCH_USER_PATHS = NO;
				ASSETCATALOG_COMPILER_GENERATE_SWIFT_ASSET_SYMBOL_EXTENSIONS = YES;
				CLANG_ANALYZER_NONNULL = YES;
				CLANG_ANALYZER_NUMBER_OBJECT_CONVERSION = YES_AGGRESSIVE;
				CLANG_CXX_LANGUAGE_STANDARD = "gnu++20";
				CLANG_ENABLE_MODULES = YES;
				CLANG_ENABLE_OBJC_ARC = YES;
				CLANG_ENABLE_OBJC_WEAK = YES;
				CLANG_WARN_BLOCK_CAPTURE_AUTORELEASING = YES;
				CLANG_WARN_BOOL_CONVERSION = YES;
				CLANG_WARN_COMMA = YES;
				CLANG_WARN_CONSTANT_CONVERSION = YES;
				CLANG_WARN_DEPRECATED_OBJC_IMPLEMENTATIONS = YES;
				CLANG_WARN_DIRECT_OBJC_ISA_USAGE = YES_ERROR;
				CLANG_WARN_DOCUMENTATION_COMMENTS = YES;
				CLANG_WARN_EMPTY_BODY = YES;
				CLANG_WARN_ENUM_CONVERSION = YES;
				CLANG_WARN_INFINITE_RECURSION = YES;
				CLANG_WARN_INT_CONVERSION = YES;
				CLANG_WARN_NON_LITERAL_NULL_CONVERSION = YES;
				CLANG_WARN_OBJC_IMPLICIT_RETAIN_SELF = YES;
				CLANG_WARN_OBJC_LITERAL_CONVERSION = YES;
				CLANG_WARN_OBJC_ROOT_CLASS = YES_ERROR;
				CLANG_WARN_QUOTED_INCLUDE_IN_FRAMEWORK_HEADER = YES;
				CLANG_WARN_RANGE_LOOP_ANALYSIS = YES;
				CLANG_WARN_STRICT_PROTOTYPES = YES;
				CLANG_WARN_SUSPICIOUS_MOVE = YES;
				CLANG_WARN_UNGUARDED_AVAILABILITY = YES_AGGRESSIVE;
				CLANG_WARN_UNREACHABLE_CODE = YES;
				CLANG_WARN__DUPLICATE_METHOD_MATCH = YES;
				COPY_PHASE_STRIP = NO;
				DEBUG_INFORMATION_FORMAT = "dwarf-with-dsym";
				ENABLE_NS_ASSERTIONS = NO;
				ENABLE_STRICT_OBJC_MSGSEND = YES;
				ENABLE_USER_SCRIPT_SANDBOXING = YES;
				GCC_C_LANGUAGE_STANDARD = gnu17;
				GCC_NO_COMMON_BLOCKS = YES;
				GCC_WARN_64_TO_32_BIT_CONVERSION = YES;
				GCC_WARN_ABOUT_RETURN_TYPE = YES_ERROR;
				GCC_WARN_UNDECLARED_SELECTOR = YES;
				GCC_WARN_UNINITIALIZED_AUTOS = YES_AGGRESSIVE;
				GCC_WARN_UNUSED_FUNCTION = YES;
				GCC_WARN_UNUSED_VARIABLE = YES;
				IPHONEOS_DEPLOYMENT_TARGET = 17.5;
				LOCALIZATION_PREFERS_STRING_CATALOGS = YES;
				MTL_ENABLE_DEBUG_INFO = NO;
				MTL_FAST_MATH = YES;
				SDKROOT = iphoneos;
				SWIFT_COMPILATION_MODE = wholemodule;
				VALIDATE_PRODUCT = YES;
			};
			name = Release;
		};
		90AEC20B2CBDD60E00E339B2 /* Debug */ = {
			isa = XCBuildConfiguration;
			buildSettings = {
				ASSETCATALOG_COMPILER_APPICON_NAME = AppIcon;
				ASSETCATALOG_COMPILER_GLOBAL_ACCENT_COLOR_NAME = AccentColor;
				CODE_SIGN_STYLE = Automatic;
				CURRENT_PROJECT_VERSION = 1;
				DEVELOPMENT_ASSET_PATHS = "\"Displaying a List/Preview Content\"";
				ENABLE_PREVIEWS = YES;
				GENERATE_INFOPLIST_FILE = YES;
				INFOPLIST_KEY_UIApplicationSceneManifest_Generation = YES;
				INFOPLIST_KEY_UIApplicationSupportsIndirectInputEvents = YES;
				INFOPLIST_KEY_UILaunchScreen_Generation = YES;
				INFOPLIST_KEY_UISupportedInterfaceOrientations_iPad = "UIInterfaceOrientationPortrait UIInterfaceOrientationPortraitUpsideDown UIInterfaceOrientationLandscapeLeft UIInterfaceOrientationLandscapeRight";
				INFOPLIST_KEY_UISupportedInterfaceOrientations_iPhone = "UIInterfaceOrientationPortrait UIInterfaceOrientationLandscapeLeft UIInterfaceOrientationLandscapeRight";
				LD_RUNPATH_SEARCH_PATHS = (
					"$(inherited)",
					"@executable_path/Frameworks",
				);
				MARKETING_VERSION = 1.0;
				PRODUCT_BUNDLE_IDENTIFIER = "conan.Displaying-a-List";
				PRODUCT_NAME = "$(TARGET_NAME)";
				SWIFT_EMIT_LOC_STRINGS = YES;
				SWIFT_VERSION = 5.0;
				TARGETED_DEVICE_FAMILY = "1,2";
			};
			name = Debug;
		};
		90AEC20C2CBDD60E00E339B2 /* Release */ = {
			isa = XCBuildConfiguration;
			buildSettings = {
				ASSETCATALOG_COMPILER_APPICON_NAME = AppIcon;
				ASSETCATALOG_COMPILER_GLOBAL_ACCENT_COLOR_NAME = AccentColor;
				CODE_SIGN_STYLE = Automatic;
				CURRENT_PROJECT_VERSION = 1;
				DEVELOPMENT_ASSET_PATHS = "\"Displaying a List/Preview Content\"";
				ENABLE_PREVIEWS = YES;
				GENERATE_INFOPLIST_FILE = YES;
				INFOPLIST_KEY_UIApplicationSceneManifest_Generation = YES;
				INFOPLIST_KEY_UIApplicationSupportsIndirectInputEvents = YES;
				INFOPLIST_KEY_UILaunchScreen_Generation = YES;
				INFOPLIST_KEY_UISupportedInterfaceOrientations_iPad = "UIInterfaceOrientationPortrait UIInterfaceOrientationPortraitUpsideDown UIInterfaceOrientationLandscapeLeft UIInterfaceOrientationLandscapeRight";
				INFOPLIST_KEY_UISupportedInterfaceOrientations_iPhone = "UIInterfaceOrientationPortrait UIInterfaceOrientationLandscapeLeft UIInterfaceOrientationLandscapeRight";
				LD_RUNPATH_SEARCH_PATHS = (
					"$(inherited)",
					"@executable_path/Frameworks",
				);
				MARKETING_VERSION = 1.0;
				PRODUCT_BUNDLE_IDENTIFIER = "conan.Displaying-a-List";
				PRODUCT_NAME = "$(TARGET_NAME)";
				SWIFT_EMIT_LOC_STRINGS = YES;
				SWIFT_VERSION = 5.0;
				TARGETED_DEVICE_FAMILY = "1,2";
			};
			name = Release;
		};
		90AEC20E2CBDD60E00E339B2 /* Debug */ = {
			isa = XCBuildConfiguration;
			buildSettings = {
				ALWAYS_EMBED_SWIFT_STANDARD_LIBRARIES = YES;
				BUNDLE_LOADER = "$(TEST_HOST)";
				CODE_SIGN_STYLE = Automatic;
				CURRENT_PROJECT_VERSION = 1;
				GENERATE_INFOPLIST_FILE = YES;
				IPHONEOS_DEPLOYMENT_TARGET = 17.5;
				MARKETING_VERSION = 1.0;
				PRODUCT_BUNDLE_IDENTIFIER = "conan.Displaying-a-ListTests";
				PRODUCT_NAME = "$(TARGET_NAME)";
				SWIFT_EMIT_LOC_STRINGS = NO;
				SWIFT_VERSION = 5.0;
				TARGETED_DEVICE_FAMILY = "1,2";
				TEST_HOST = "$(BUILT_PRODUCTS_DIR)/Displaying a List.app/$(BUNDLE_EXECUTABLE_FOLDER_PATH)/Displaying a List";
			};
			name = Debug;
		};
		90AEC20F2CBDD60E00E339B2 /* Release */ = {
			isa = XCBuildConfiguration;
			buildSettings = {
				ALWAYS_EMBED_SWIFT_STANDARD_LIBRARIES = YES;
				BUNDLE_LOADER = "$(TEST_HOST)";
				CODE_SIGN_STYLE = Automatic;
				CURRENT_PROJECT_VERSION = 1;
				GENERATE_INFOPLIST_FILE = YES;
				IPHONEOS_DEPLOYMENT_TARGET = 17.5;
				MARKETING_VERSION = 1.0;
				PRODUCT_BUNDLE_IDENTIFIER = "conan.Displaying-a-ListTests";
				PRODUCT_NAME = "$(TARGET_NAME)";
				SWIFT_EMIT_LOC_STRINGS = NO;
				SWIFT_VERSION = 5.0;
				TARGETED_DEVICE_FAMILY = "1,2";
				TEST_HOST = "$(BUILT_PRODUCTS_DIR)/Displaying a List.app/$(BUNDLE_EXECUTABLE_FOLDER_PATH)/Displaying a List";
			};
			name = Release;
		};
		90AEC2112CBDD60E00E339B2 /* Debug */ = {
			isa = XCBuildConfiguration;
			buildSettings = {
				ALWAYS_EMBED_SWIFT_STANDARD_LIBRARIES = YES;
				CODE_SIGN_STYLE = Automatic;
				CURRENT_PROJECT_VERSION = 1;
				GENERATE_INFOPLIST_FILE = YES;
				MARKETING_VERSION = 1.0;
				PRODUCT_BUNDLE_IDENTIFIER = "conan.Displaying-a-ListUITests";
				PRODUCT_NAME = "$(TARGET_NAME)";
				SWIFT_EMIT_LOC_STRINGS = NO;
				SWIFT_VERSION = 5.0;
				TARGETED_DEVICE_FAMILY = "1,2";
				TEST_TARGET_NAME = "Displaying a List";
			};
			name = Debug;
		};
		90AEC2122CBDD60E00E339B2 /* Release */ = {
			isa = XCBuildConfiguration;
			buildSettings = {
				ALWAYS_EMBED_SWIFT_STANDARD_LIBRARIES = YES;
				CODE_SIGN_STYLE = Automatic;
				CURRENT_PROJECT_VERSION = 1;
				GENERATE_INFOPLIST_FILE = YES;
				MARKETING_VERSION = 1.0;
				PRODUCT_BUNDLE_IDENTIFIER = "conan.Displaying-a-ListUITests";
				PRODUCT_NAME = "$(TARGET_NAME)";
				SWIFT_EMIT_LOC_STRINGS = NO;
				SWIFT_VERSION = 5.0;
				TARGETED_DEVICE_FAMILY = "1,2";
				TEST_TARGET_NAME = "Displaying a List";
			};
			name = Release;
		};
/* End XCBuildConfiguration section */

/* Begin XCConfigurationList section */
		90AEC1E12CBDD60B00E339B2 /* Build configuration list for PBXProject "Displaying a List" */ = {
			isa = XCConfigurationList;
			buildConfigurations = (
				90AEC2082CBDD60E00E339B2 /* Debug */,
				90AEC2092CBDD60E00E339B2 /* Release */,
			);
			defaultConfigurationIsVisible = 0;
			defaultConfigurationName = Release;
		};
		90AEC20A2CBDD60E00E339B2 /* Build configuration list for PBXNativeTarget "Displaying a List" */ = {
			isa = XCConfigurationList;
			buildConfigurations = (
				90AEC20B2CBDD60E00E339B2 /* Debug */,
				90AEC20C2CBDD60E00E339B2 /* Release */,
			);
			defaultConfigurationIsVisible = 0;
			defaultConfigurationName = Release;
		};
		90AEC20D2CBDD60E00E339B2 /* Build configuration list for PBXNativeTarget "Displaying a ListTests" */ = {
			isa = XCConfigurationList;
			buildConfigurations = (
				90AEC20E2CBDD60E00E339B2 /* Debug */,
				90AEC20F2CBDD60E00E339B2 /* Release */,
			);
			defaultConfigurationIsVisible = 0;
			defaultConfigurationName = Release;
		};
		90AEC2102CBDD60E00E339B2 /* Build configuration list for PBXNativeTarget "Displaying a ListUITests" */ = {
			isa = XCConfigurationList;
			buildConfigurations = (
				90AEC2112CBDD60E00E339B2 /* Debug */,
				90AEC2122CBDD60E00E339B2 /* Release */,
			);
			defaultConfigurationIsVisible = 0;
			defaultConfigurationName = Release;
		};
/* End XCConfigurationList section */
	};
	rootObject = 90AEC1DE2CBDD60B00E339B2 /* Project object */;
}
