// !$*UTF8*$!
{
	archiveVersion = 1;
	classes = {
	};
	objectVersion = 56;
	objects = {

/* Begin PBXBuildFile section */
		90AEC17A2CBDCAAB00E339B2 /* Child_and_Parent_ViewsApp.swift in Sources */ = {isa = PBXBuildFile; fileRef = 90AEC1792CBDCAAB00E339B2 /* Child_and_Parent_ViewsApp.swift */; };
		90AEC17C2CBDCAAB00E339B2 /* ContentView.swift in Sources */ = {isa = PBXBuildFile; fileRef = 90AEC17B2CBDCAAB00E339B2 /* ContentView.swift */; };
		90AEC17E2CBDCAAD00E339B2 /* Assets.xcassets in Resources */ = {isa = PBXBuildFile; fileRef = 90AEC17D2CBDCAAD00E339B2 /* Assets.xcassets */; };
		90AEC1812CBDCAAD00E339B2 /* Preview Assets.xcassets in Resources */ = {isa = PBXBuildFile; fileRef = 90AEC1802CBDCAAD00E339B2 /* Preview Assets.xcassets */; };
		90AEC18B2CBDCAAD00E339B2 /* Child_and_Parent_ViewsTests.swift in Sources */ = {isa = PBXBuildFile; fileRef = 90AEC18A2CBDCAAD00E339B2 /* Child_and_Parent_ViewsTests.swift */; };
		90AEC1952CBDCAAD00E339B2 /* Child_and_Parent_ViewsUITests.swift in Sources */ = {isa = PBXBuildFile; fileRef = 90AEC1942CBDCAAD00E339B2 /* Child_and_Parent_ViewsUITests.swift */; };
		90AEC1972CBDCAAD00E339B2 /* Child_and_Parent_ViewsUITestsLaunchTests.swift in Sources */ = {isa = PBXBuildFile; fileRef = 90AEC1962CBDCAAD00E339B2 /* Child_and_Parent_ViewsUITestsLaunchTests.swift */; };
		90AEC1A42CBDCAFA00E339B2 /* ParentView.swift in Sources */ = {isa = PBXBuildFile; fileRef = 90AEC1A32CBDCAFA00E339B2 /* ParentView.swift */; };
/* End PBXBuildFile section */

/* Begin PBXContainerItemProxy section */
		90AEC1872CBDCAAD00E339B2 /* PBXContainerItemProxy */ = {
			isa = PBXContainerItemProxy;
			containerPortal = 90AEC16E2CBDCAAB00E339B2 /* Project object */;
			proxyType = 1;
			remoteGlobalIDString = 90AEC1752CBDCAAB00E339B2;
			remoteInfo = "Child and Parent Views";
		};
		90AEC1912CBDCAAD00E339B2 /* PBXContainerItemProxy */ = {
			isa = PBXContainerItemProxy;
			containerPortal = 90AEC16E2CBDCAAB00E339B2 /* Project object */;
			proxyType = 1;
			remoteGlobalIDString = 90AEC1752CBDCAAB00E339B2;
			remoteInfo = "Child and Parent Views";
		};
/* End PBXContainerItemProxy section */

/* Begin PBXFileReference section */
		90AEC1762CBDCAAB00E339B2 /* Child and Parent Views.app */ = {isa = PBXFileReference; explicitFileType = wrapper.application; includeInIndex = 0; path = "Child and Parent Views.app"; sourceTree = BUILT_PRODUCTS_DIR; };
		90AEC1792CBDCAAB00E339B2 /* Child_and_Parent_ViewsApp.swift */ = {isa = PBXFileReference; lastKnownFileType = sourcecode.swift; path = Child_and_Parent_ViewsApp.swift; sourceTree = "<group>"; };
		90AEC17B2CBDCAAB00E339B2 /* ContentView.swift */ = {isa = PBXFileReference; lastKnownFileType = sourcecode.swift; path = ContentView.swift; sourceTree = "<group>"; };
		90AEC17D2CBDCAAD00E339B2 /* Assets.xcassets */ = {isa = PBXFileReference; lastKnownFileType = folder.assetcatalog; path = Assets.xcassets; sourceTree = "<group>"; };
		90AEC1802CBDCAAD00E339B2 /* Preview Assets.xcassets */ = {isa = PBXFileReference; lastKnownFileType = folder.assetcatalog; path = "Preview Assets.xcassets"; sourceTree = "<group>"; };
		90AEC1862CBDCAAD00E339B2 /* Child and Parent ViewsTests.xctest */ = {isa = PBXFileReference; explicitFileType = wrapper.cfbundle; includeInIndex = 0; path = "Child and Parent ViewsTests.xctest"; sourceTree = BUILT_PRODUCTS_DIR; };
		90AEC18A2CBDCAAD00E339B2 /* Child_and_Parent_ViewsTests.swift */ = {isa = PBXFileReference; lastKnownFileType = sourcecode.swift; path = Child_and_Parent_ViewsTests.swift; sourceTree = "<group>"; };
		90AEC1902CBDCAAD00E339B2 /* Child and Parent ViewsUITests.xctest */ = {isa = PBXFileReference; explicitFileType = wrapper.cfbundle; includeInIndex = 0; path = "Child and Parent ViewsUITests.xctest"; sourceTree = BUILT_PRODUCTS_DIR; };
		90AEC1942CBDCAAD00E339B2 /* Child_and_Parent_ViewsUITests.swift */ = {isa = PBXFileReference; lastKnownFileType = sourcecode.swift; path = Child_and_Parent_ViewsUITests.swift; sourceTree = "<group>"; };
		90AEC1962CBDCAAD00E339B2 /* Child_and_Parent_ViewsUITestsLaunchTests.swift */ = {isa = PBXFileReference; lastKnownFileType = sourcecode.swift; path = Child_and_Parent_ViewsUITestsLaunchTests.swift; sourceTree = "<group>"; };
		90AEC1A32CBDCAFA00E339B2 /* ParentView.swift */ = {isa = PBXFileReference; lastKnownFileType = sourcecode.swift; path = ParentView.swift; sourceTree = "<group>"; };
/* End PBXFileReference section */

/* Begin PBXFrameworksBuildPhase section */
		90AEC1732CBDCAAB00E339B2 /* Frameworks */ = {
			isa = PBXFrameworksBuildPhase;
			buildActionMask = 2147483647;
			files = (
			);
			runOnlyForDeploymentPostprocessing = 0;
		};
		90AEC1832CBDCAAD00E339B2 /* Frameworks */ = {
			isa = PBXFrameworksBuildPhase;
			buildActionMask = 2147483647;
			files = (
			);
			runOnlyForDeploymentPostprocessing = 0;
		};
		90AEC18D2CBDCAAD00E339B2 /* Frameworks */ = {
			isa = PBXFrameworksBuildPhase;
			buildActionMask = 2147483647;
			files = (
			);
			runOnlyForDeploymentPostprocessing = 0;
		};
/* End PBXFrameworksBuildPhase section */

/* Begin PBXGroup section */
		90AEC16D2CBDCAAB00E339B2 = {
			isa = PBXGroup;
			children = (
				90AEC1782CBDCAAB00E339B2 /* Child and Parent Views */,
				90AEC1892CBDCAAD00E339B2 /* Child and Parent ViewsTests */,
				90AEC1932CBDCAAD00E339B2 /* Child and Parent ViewsUITests */,
				90AEC1772CBDCAAB00E339B2 /* Products */,
			);
			sourceTree = "<group>";
		};
		90AEC1772CBDCAAB00E339B2 /* Products */ = {
			isa = PBXGroup;
			children = (
				90AEC1762CBDCAAB00E339B2 /* Child and Parent Views.app */,
				90AEC1862CBDCAAD00E339B2 /* Child and Parent ViewsTests.xctest */,
				90AEC1902CBDCAAD00E339B2 /* Child and Parent ViewsUITests.xctest */,
			);
			name = Products;
			sourceTree = "<group>";
		};
		90AEC1782CBDCAAB00E339B2 /* Child and Parent Views */ = {
			isa = PBXGroup;
			children = (
				90AEC1792CBDCAAB00E339B2 /* Child_and_Parent_ViewsApp.swift */,
				90AEC17B2CBDCAAB00E339B2 /* ContentView.swift */,
				90AEC1A32CBDCAFA00E339B2 /* ParentView.swift */,
				90AEC17D2CBDCAAD00E339B2 /* Assets.xcassets */,
				90AEC17F2CBDCAAD00E339B2 /* Preview Content */,
			);
			path = "Child and Parent Views";
			sourceTree = "<group>";
		};
		90AEC17F2CBDCAAD00E339B2 /* Preview Content */ = {
			isa = PBXGroup;
			children = (
				90AEC1802CBDCAAD00E339B2 /* Preview Assets.xcassets */,
			);
			path = "Preview Content";
			sourceTree = "<group>";
		};
		90AEC1892CBDCAAD00E339B2 /* Child and Parent ViewsTests */ = {
			isa = PBXGroup;
			children = (
				90AEC18A2CBDCAAD00E339B2 /* Child_and_Parent_ViewsTests.swift */,
			);
			path = "Child and Parent ViewsTests";
			sourceTree = "<group>";
		};
		90AEC1932CBDCAAD00E339B2 /* Child and Parent ViewsUITests */ = {
			isa = PBXGroup;
			children = (
				90AEC1942CBDCAAD00E339B2 /* Child_and_Parent_ViewsUITests.swift */,
				90AEC1962CBDCAAD00E339B2 /* Child_and_Parent_ViewsUITestsLaunchTests.swift */,
			);
			path = "Child and Parent ViewsUITests";
			sourceTree = "<group>";
		};
/* End PBXGroup section */

/* Begin PBXNativeTarget section */
		90AEC1752CBDCAAB00E339B2 /* Child and Parent Views */ = {
			isa = PBXNativeTarget;
			buildConfigurationList = 90AEC19A2CBDCAAD00E339B2 /* Build configuration list for PBXNativeTarget "Child and Parent Views" */;
			buildPhases = (
				90AEC1722CBDCAAB00E339B2 /* Sources */,
				90AEC1732CBDCAAB00E339B2 /* Frameworks */,
				90AEC1742CBDCAAB00E339B2 /* Resources */,
			);
			buildRules = (
			);
			dependencies = (
			);
			name = "Child and Parent Views";
			productName = "Child and Parent Views";
			productReference = 90AEC1762CBDCAAB00E339B2 /* Child and Parent Views.app */;
			productType = "com.apple.product-type.application";
		};
		90AEC1852CBDCAAD00E339B2 /* Child and Parent ViewsTests */ = {
			isa = PBXNativeTarget;
			buildConfigurationList = 90AEC19D2CBDCAAD00E339B2 /* Build configuration list for PBXNativeTarget "Child and Parent ViewsTests" */;
			buildPhases = (
				90AEC1822CBDCAAD00E339B2 /* Sources */,
				90AEC1832CBDCAAD00E339B2 /* Frameworks */,
				90AEC1842CBDCAAD00E339B2 /* Resources */,
			);
			buildRules = (
			);
			dependencies = (
				90AEC1882CBDCAAD00E339B2 /* PBXTargetDependency */,
			);
			name = "Child and Parent ViewsTests";
			productName = "Child and Parent ViewsTests";
			productReference = 90AEC1862CBDCAAD00E339B2 /* Child and Parent ViewsTests.xctest */;
			productType = "com.apple.product-type.bundle.unit-test";
		};
		90AEC18F2CBDCAAD00E339B2 /* Child and Parent ViewsUITests */ = {
			isa = PBXNativeTarget;
			buildConfigurationList = 90AEC1A02CBDCAAD00E339B2 /* Build configuration list for PBXNativeTarget "Child and Parent ViewsUITests" */;
			buildPhases = (
				90AEC18C2CBDCAAD00E339B2 /* Sources */,
				90AEC18D2CBDCAAD00E339B2 /* Frameworks */,
				90AEC18E2CBDCAAD00E339B2 /* Resources */,
			);
			buildRules = (
			);
			dependencies = (
				90AEC1922CBDCAAD00E339B2 /* PBXTargetDependency */,
			);
			name = "Child and Parent ViewsUITests";
			productName = "Child and Parent ViewsUITests";
			productReference = 90AEC1902CBDCAAD00E339B2 /* Child and Parent ViewsUITests.xctest */;
			productType = "com.apple.product-type.bundle.ui-testing";
		};
/* End PBXNativeTarget section */

/* Begin PBXProject section */
		90AEC16E2CBDCAAB00E339B2 /* Project object */ = {
			isa = PBXProject;
			attributes = {
				BuildIndependentTargetsInParallel = 1;
				LastSwiftUpdateCheck = 1540;
				LastUpgradeCheck = 1540;
				TargetAttributes = {
					90AEC1752CBDCAAB00E339B2 = {
						CreatedOnToolsVersion = 15.4;
					};
					90AEC1852CBDCAAD00E339B2 = {
						CreatedOnToolsVersion = 15.4;
						TestTargetID = 90AEC1752CBDCAAB00E339B2;
					};
					90AEC18F2CBDCAAD00E339B2 = {
						CreatedOnToolsVersion = 15.4;
						TestTargetID = 90AEC1752CBDCAAB00E339B2;
					};
				};
			};
			buildConfigurationList = 90AEC1712CBDCAAB00E339B2 /* Build configuration list for PBXProject "Child and Parent Views" */;
			compatibilityVersion = "Xcode 14.0";
			developmentRegion = en;
			hasScannedForEncodings = 0;
			knownRegions = (
				en,
				Base,
			);
			mainGroup = 90AEC16D2CBDCAAB00E339B2;
			productRefGroup = 90AEC1772CBDCAAB00E339B2 /* Products */;
			projectDirPath = "";
			projectRoot = "";
			targets = (
				90AEC1752CBDCAAB00E339B2 /* Child and Parent Views */,
				90AEC1852CBDCAAD00E339B2 /* Child and Parent ViewsTests */,
				90AEC18F2CBDCAAD00E339B2 /* Child and Parent ViewsUITests */,
			);
		};
/* End PBXProject section */

/* Begin PBXResourcesBuildPhase section */
		90AEC1742CBDCAAB00E339B2 /* Resources */ = {
			isa = PBXResourcesBuildPhase;
			buildActionMask = 2147483647;
			files = (
				90AEC1812CBDCAAD00E339B2 /* Preview Assets.xcassets in Resources */,
				90AEC17E2CBDCAAD00E339B2 /* Assets.xcassets in Resources */,
			);
			runOnlyForDeploymentPostprocessing = 0;
		};
		90AEC1842CBDCAAD00E339B2 /* Resources */ = {
			isa = PBXResourcesBuildPhase;
			buildActionMask = 2147483647;
			files = (
			);
			runOnlyForDeploymentPostprocessing = 0;
		};
		90AEC18E2CBDCAAD00E339B2 /* Resources */ = {
			isa = PBXResourcesBuildPhase;
			buildActionMask = 2147483647;
			files = (
			);
			runOnlyForDeploymentPostprocessing = 0;
		};
/* End PBXResourcesBuildPhase section */

/* Begin PBXSourcesBuildPhase section */
		90AEC1722CBDCAAB00E339B2 /* Sources */ = {
			isa = PBXSourcesBuildPhase;
			buildActionMask = 2147483647;
			files = (
				90AEC17C2CBDCAAB00E339B2 /* ContentView.swift in Sources */,
				90AEC1A42CBDCAFA00E339B2 /* ParentView.swift in Sources */,
				90AEC17A2CBDCAAB00E339B2 /* Child_and_Parent_ViewsApp.swift in Sources */,
			);
			runOnlyForDeploymentPostprocessing = 0;
		};
		90AEC1822CBDCAAD00E339B2 /* Sources */ = {
			isa = PBXSourcesBuildPhase;
			buildActionMask = 2147483647;
			files = (
				90AEC18B2CBDCAAD00E339B2 /* Child_and_Parent_ViewsTests.swift in Sources */,
			);
			runOnlyForDeploymentPostprocessing = 0;
		};
		90AEC18C2CBDCAAD00E339B2 /* Sources */ = {
			isa = PBXSourcesBuildPhase;
			buildActionMask = 2147483647;
			files = (
				90AEC1972CBDCAAD00E339B2 /* Child_and_Parent_ViewsUITestsLaunchTests.swift in Sources */,
				90AEC1952CBDCAAD00E339B2 /* Child_and_Parent_ViewsUITests.swift in Sources */,
			);
			runOnlyForDeploymentPostprocessing = 0;
		};
/* End PBXSourcesBuildPhase section */

/* Begin PBXTargetDependency section */
		90AEC1882CBDCAAD00E339B2 /* PBXTargetDependency */ = {
			isa = PBXTargetDependency;
			target = 90AEC1752CBDCAAB00E339B2 /* Child and Parent Views */;
			targetProxy = 90AEC1872CBDCAAD00E339B2 /* PBXContainerItemProxy */;
		};
		90AEC1922CBDCAAD00E339B2 /* PBXTargetDependency */ = {
			isa = PBXTargetDependency;
			target = 90AEC1752CBDCAAB00E339B2 /* Child and Parent Views */;
			targetProxy = 90AEC1912CBDCAAD00E339B2 /* PBXContainerItemProxy */;
		};
/* End PBXTargetDependency section */

/* Begin XCBuildConfiguration section */
		90AEC1982CBDCAAD00E339B2 /* Debug */ = {
			isa = XCBuildConfiguration;
			buildSettings = {
				ALWAYS_SEARCH_USER_PATHS = NO;
				ASSETCATALOG_COMPILER_GENERATE_SWIFT_ASSET_SYMBOL_EXTENSIONS = YES;
				CLANG_ANALYZER_NONNULL = YES;
				CLANG_ANALYZER_NUMBER_OBJECT_CONVERSION = YES_AGGRESSIVE;
				CLANG_CXX_LANGUAGE_STANDARD = "gnu++20";
				CLANG_ENABLE_MODULES = YES;
				CLANG_ENABLE_OBJC_ARC = YES;
				CLANG_ENABLE_OBJC_WEAK = YES;
				CLANG_WARN_BLOCK_CAPTURE_AUTORELEASING = YES;
				CLANG_WARN_BOOL_CONVERSION = YES;
				CLANG_WARN_COMMA = YES;
				CLANG_WARN_CONSTANT_CONVERSION = YES;
				CLANG_WARN_DEPRECATED_OBJC_IMPLEMENTATIONS = YES;
				CLANG_WARN_DIRECT_OBJC_ISA_USAGE = YES_ERROR;
				CLANG_WARN_DOCUMENTATION_COMMENTS = YES;
				CLANG_WARN_EMPTY_BODY = YES;
				CLANG_WARN_ENUM_CONVERSION = YES;
				CLANG_WARN_INFINITE_RECURSION = YES;
				CLANG_WARN_INT_CONVERSION = YES;
				CLANG_WARN_NON_LITERAL_NULL_CONVERSION = YES;
				CLANG_WARN_OBJC_IMPLICIT_RETAIN_SELF = YES;
				CLANG_WARN_OBJC_LITERAL_CONVERSION = YES;
				CLANG_WARN_OBJC_ROOT_CLASS = YES_ERROR;
				CLANG_WARN_QUOTED_INCLUDE_IN_FRAMEWORK_HEADER = YES;
				CLANG_WARN_RANGE_LOOP_ANALYSIS = YES;
				CLANG_WARN_STRICT_PROTOTYPES = YES;
				CLANG_WARN_SUSPICIOUS_MOVE = YES;
				CLANG_WARN_UNGUARDED_AVAILABILITY = YES_AGGRESSIVE;
				CLANG_WARN_UNREACHABLE_CODE = YES;
				CLANG_WARN__DUPLICATE_METHOD_MATCH = YES;
				COPY_PHASE_STRIP = NO;
				DEBUG_INFORMATION_FORMAT = dwarf;
				ENABLE_STRICT_OBJC_MSGSEND = YES;
				ENABLE_TESTABILITY = YES;
				ENABLE_USER_SCRIPT_SANDBOXING = YES;
				GCC_C_LANGUAGE_STANDARD = gnu17;
				GCC_DYNAMIC_NO_PIC = NO;
				GCC_NO_COMMON_BLOCKS = YES;
				GCC_OPTIMIZATION_LEVEL = 0;
				GCC_PREPROCESSOR_DEFINITIONS = (
					"DEBUG=1",
					"$(inherited)",
				);
				GCC_WARN_64_TO_32_BIT_CONVERSION = YES;
				GCC_WARN_ABOUT_RETURN_TYPE = YES_ERROR;
				GCC_WARN_UNDECLARED_SELECTOR = YES;
				GCC_WARN_UNINITIALIZED_AUTOS = YES_AGGRESSIVE;
				GCC_WARN_UNUSED_FUNCTION = YES;
				GCC_WARN_UNUSED_VARIABLE = YES;
				IPHONEOS_DEPLOYMENT_TARGET = 17.5;
				LOCALIZATION_PREFERS_STRING_CATALOGS = YES;
				MTL_ENABLE_DEBUG_INFO = INCLUDE_SOURCE;
				MTL_FAST_MATH = YES;
				ONLY_ACTIVE_ARCH = YES;
				SDKROOT = iphoneos;
				SWIFT_ACTIVE_COMPILATION_CONDITIONS = "DEBUG $(inherited)";
				SWIFT_OPTIMIZATION_LEVEL = "-Onone";
			};
			name = Debug;
		};
		90AEC1992CBDCAAD00E339B2 /* Release */ = {
			isa = XCBuildConfiguration;
			buildSettings = {
				ALWAYS_SEARCH_USER_PATHS = NO;
				ASSETCATALOG_COMPILER_GENERATE_SWIFT_ASSET_SYMBOL_EXTENSIONS = YES;
				CLANG_ANALYZER_NONNULL = YES;
				CLANG_ANALYZER_NUMBER_OBJECT_CONVERSION = YES_AGGRESSIVE;
				CLANG_CXX_LANGUAGE_STANDARD = "gnu++20";
				CLANG_ENABLE_MODULES = YES;
				CLANG_ENABLE_OBJC_ARC = YES;
				CLANG_ENABLE_OBJC_WEAK = YES;
				CLANG_WARN_BLOCK_CAPTURE_AUTORELEASING = YES;
				CLANG_WARN_BOOL_CONVERSION = YES;
				CLANG_WARN_COMMA = YES;
				CLANG_WARN_CONSTANT_CONVERSION = YES;
				CLANG_WARN_DEPRECATED_OBJC_IMPLEMENTATIONS = YES;
				CLANG_WARN_DIRECT_OBJC_ISA_USAGE = YES_ERROR;
				CLANG_WARN_DOCUMENTATION_COMMENTS = YES;
				CLANG_WARN_EMPTY_BODY = YES;
				CLANG_WARN_ENUM_CONVERSION = YES;
				CLANG_WARN_INFINITE_RECURSION = YES;
				CLANG_WARN_INT_CONVERSION = YES;
				CLANG_WARN_NON_LITERAL_NULL_CONVERSION = YES;
				CLANG_WARN_OBJC_IMPLICIT_RETAIN_SELF = YES;
				CLANG_WARN_OBJC_LITERAL_CONVERSION = YES;
				CLANG_WARN_OBJC_ROOT_CLASS = YES_ERROR;
				CLANG_WARN_QUOTED_INCLUDE_IN_FRAMEWORK_HEADER = YES;
				CLANG_WARN_RANGE_LOOP_ANALYSIS = YES;
				CLANG_WARN_STRICT_PROTOTYPES = YES;
				CLANG_WARN_SUSPICIOUS_MOVE = YES;
				CLANG_WARN_UNGUARDED_AVAILABILITY = YES_AGGRESSIVE;
				CLANG_WARN_UNREACHABLE_CODE = YES;
				CLANG_WARN__DUPLICATE_METHOD_MATCH = YES;
				COPY_PHASE_STRIP = NO;
				DEBUG_INFORMATION_FORMAT = "dwarf-with-dsym";
				ENABLE_NS_ASSERTIONS = NO;
				ENABLE_STRICT_OBJC_MSGSEND = YES;
				ENABLE_USER_SCRIPT_SANDBOXING = YES;
				GCC_C_LANGUAGE_STANDARD = gnu17;
				GCC_NO_COMMON_BLOCKS = YES;
				GCC_WARN_64_TO_32_BIT_CONVERSION = YES;
				GCC_WARN_ABOUT_RETURN_TYPE = YES_ERROR;
				GCC_WARN_UNDECLARED_SELECTOR = YES;
				GCC_WARN_UNINITIALIZED_AUTOS = YES_AGGRESSIVE;
				GCC_WARN_UNUSED_FUNCTION = YES;
				GCC_WARN_UNUSED_VARIABLE = YES;
				IPHONEOS_DEPLOYMENT_TARGET = 17.5;
				LOCALIZATION_PREFERS_STRING_CATALOGS = YES;
				MTL_ENABLE_DEBUG_INFO = NO;
				MTL_FAST_MATH = YES;
				SDKROOT = iphoneos;
				SWIFT_COMPILATION_MODE = wholemodule;
				VALIDATE_PRODUCT = YES;
			};
			name = Release;
		};
		90AEC19B2CBDCAAD00E339B2 /* Debug */ = {
			isa = XCBuildConfiguration;
			buildSettings = {
				ASSETCATALOG_COMPILER_APPICON_NAME = AppIcon;
				ASSETCATALOG_COMPILER_GLOBAL_ACCENT_COLOR_NAME = AccentColor;
				CODE_SIGN_STYLE = Automatic;
				CURRENT_PROJECT_VERSION = 1;
				DEVELOPMENT_ASSET_PATHS = "\"Child and Parent Views/Preview Content\"";
				ENABLE_PREVIEWS = YES;
				GENERATE_INFOPLIST_FILE = YES;
				INFOPLIST_KEY_UIApplicationSceneManifest_Generation = YES;
				INFOPLIST_KEY_UIApplicationSupportsIndirectInputEvents = YES;
				INFOPLIST_KEY_UILaunchScreen_Generation = YES;
				INFOPLIST_KEY_UISupportedInterfaceOrientations_iPad = "UIInterfaceOrientationPortrait UIInterfaceOrientationPortraitUpsideDown UIInterfaceOrientationLandscapeLeft UIInterfaceOrientationLandscapeRight";
				INFOPLIST_KEY_UISupportedInterfaceOrientations_iPhone = "UIInterfaceOrientationPortrait UIInterfaceOrientationLandscapeLeft UIInterfaceOrientationLandscapeRight";
				LD_RUNPATH_SEARCH_PATHS = (
					"$(inherited)",
					"@executable_path/Frameworks",
				);
				MARKETING_VERSION = 1.0;
				PRODUCT_BUNDLE_IDENTIFIER = "conan.Child-and-Parent-Views";
				PRODUCT_NAME = "$(TARGET_NAME)";
				SWIFT_EMIT_LOC_STRINGS = YES;
				SWIFT_VERSION = 5.0;
				TARGETED_DEVICE_FAMILY = "1,2";
			};
			name = Debug;
		};
		90AEC19C2CBDCAAD00E339B2 /* Release */ = {
			isa = XCBuildConfiguration;
			buildSettings = {
				ASSETCATALOG_COMPILER_APPICON_NAME = AppIcon;
				ASSETCATALOG_COMPILER_GLOBAL_ACCENT_COLOR_NAME = AccentColor;
				CODE_SIGN_STYLE = Automatic;
				CURRENT_PROJECT_VERSION = 1;
				DEVELOPMENT_ASSET_PATHS = "\"Child and Parent Views/Preview Content\"";
				ENABLE_PREVIEWS = YES;
				GENERATE_INFOPLIST_FILE = YES;
				INFOPLIST_KEY_UIApplicationSceneManifest_Generation = YES;
				INFOPLIST_KEY_UIApplicationSupportsIndirectInputEvents = YES;
				INFOPLIST_KEY_UILaunchScreen_Generation = YES;
				INFOPLIST_KEY_UISupportedInterfaceOrientations_iPad = "UIInterfaceOrientationPortrait UIInterfaceOrientationPortraitUpsideDown UIInterfaceOrientationLandscapeLeft UIInterfaceOrientationLandscapeRight";
				INFOPLIST_KEY_UISupportedInterfaceOrientations_iPhone = "UIInterfaceOrientationPortrait UIInterfaceOrientationLandscapeLeft UIInterfaceOrientationLandscapeRight";
				LD_RUNPATH_SEARCH_PATHS = (
					"$(inherited)",
					"@executable_path/Frameworks",
				);
				MARKETING_VERSION = 1.0;
				PRODUCT_BUNDLE_IDENTIFIER = "conan.Child-and-Parent-Views";
				PRODUCT_NAME = "$(TARGET_NAME)";
				SWIFT_EMIT_LOC_STRINGS = YES;
				SWIFT_VERSION = 5.0;
				TARGETED_DEVICE_FAMILY = "1,2";
			};
			name = Release;
		};
		90AEC19E2CBDCAAD00E339B2 /* Debug */ = {
			isa = XCBuildConfiguration;
			buildSettings = {
				ALWAYS_EMBED_SWIFT_STANDARD_LIBRARIES = YES;
				BUNDLE_LOADER = "$(TEST_HOST)";
				CODE_SIGN_STYLE = Automatic;
				CURRENT_PROJECT_VERSION = 1;
				GENERATE_INFOPLIST_FILE = YES;
				IPHONEOS_DEPLOYMENT_TARGET = 17.5;
				MARKETING_VERSION = 1.0;
				PRODUCT_BUNDLE_IDENTIFIER = "conan.Child-and-Parent-ViewsTests";
				PRODUCT_NAME = "$(TARGET_NAME)";
				SWIFT_EMIT_LOC_STRINGS = NO;
				SWIFT_VERSION = 5.0;
				TARGETED_DEVICE_FAMILY = "1,2";
				TEST_HOST = "$(BUILT_PRODUCTS_DIR)/Child and Parent Views.app/$(BUNDLE_EXECUTABLE_FOLDER_PATH)/Child and Parent Views";
			};
			name = Debug;
		};
		90AEC19F2CBDCAAD00E339B2 /* Release */ = {
			isa = XCBuildConfiguration;
			buildSettings = {
				ALWAYS_EMBED_SWIFT_STANDARD_LIBRARIES = YES;
				BUNDLE_LOADER = "$(TEST_HOST)";
				CODE_SIGN_STYLE = Automatic;
				CURRENT_PROJECT_VERSION = 1;
				GENERATE_INFOPLIST_FILE = YES;
				IPHONEOS_DEPLOYMENT_TARGET = 17.5;
				MARKETING_VERSION = 1.0;
				PRODUCT_BUNDLE_IDENTIFIER = "conan.Child-and-Parent-ViewsTests";
				PRODUCT_NAME = "$(TARGET_NAME)";
				SWIFT_EMIT_LOC_STRINGS = NO;
				SWIFT_VERSION = 5.0;
				TARGETED_DEVICE_FAMILY = "1,2";
				TEST_HOST = "$(BUILT_PRODUCTS_DIR)/Child and Parent Views.app/$(BUNDLE_EXECUTABLE_FOLDER_PATH)/Child and Parent Views";
			};
			name = Release;
		};
		90AEC1A12CBDCAAD00E339B2 /* Debug */ = {
			isa = XCBuildConfiguration;
			buildSettings = {
				ALWAYS_EMBED_SWIFT_STANDARD_LIBRARIES = YES;
				CODE_SIGN_STYLE = Automatic;
				CURRENT_PROJECT_VERSION = 1;
				GENERATE_INFOPLIST_FILE = YES;
				MARKETING_VERSION = 1.0;
				PRODUCT_BUNDLE_IDENTIFIER = "conan.Child-and-Parent-ViewsUITests";
				PRODUCT_NAME = "$(TARGET_NAME)";
				SWIFT_EMIT_LOC_STRINGS = NO;
				SWIFT_VERSION = 5.0;
				TARGETED_DEVICE_FAMILY = "1,2";
				TEST_TARGET_NAME = "Child and Parent Views";
			};
			name = Debug;
		};
		90AEC1A22CBDCAAD00E339B2 /* Release */ = {
			isa = XCBuildConfiguration;
			buildSettings = {
				ALWAYS_EMBED_SWIFT_STANDARD_LIBRARIES = YES;
				CODE_SIGN_STYLE = Automatic;
				CURRENT_PROJECT_VERSION = 1;
				GENERATE_INFOPLIST_FILE = YES;
				MARKETING_VERSION = 1.0;
				PRODUCT_BUNDLE_IDENTIFIER = "conan.Child-and-Parent-ViewsUITests";
				PRODUCT_NAME = "$(TARGET_NAME)";
				SWIFT_EMIT_LOC_STRINGS = NO;
				SWIFT_VERSION = 5.0;
				TARGETED_DEVICE_FAMILY = "1,2";
				TEST_TARGET_NAME = "Child and Parent Views";
			};
			name = Release;
		};
/* End XCBuildConfiguration section */

/* Begin XCConfigurationList section */
		90AEC1712CBDCAAB00E339B2 /* Build configuration list for PBXProject "Child and Parent Views" */ = {
			isa = XCConfigurationList;
			buildConfigurations = (
				90AEC1982CBDCAAD00E339B2 /* Debug */,
				90AEC1992CBDCAAD00E339B2 /* Release */,
			);
			defaultConfigurationIsVisible = 0;
			defaultConfigurationName = Release;
		};
		90AEC19A2CBDCAAD00E339B2 /* Build configuration list for PBXNativeTarget "Child and Parent Views" */ = {
			isa = XCConfigurationList;
			buildConfigurations = (
				90AEC19B2CBDCAAD00E339B2 /* Debug */,
				90AEC19C2CBDCAAD00E339B2 /* Release */,
			);
			defaultConfigurationIsVisible = 0;
			defaultConfigurationName = Release;
		};
		90AEC19D2CBDCAAD00E339B2 /* Build configuration list for PBXNativeTarget "Child and Parent ViewsTests" */ = {
			isa = XCConfigurationList;
			buildConfigurations = (
				90AEC19E2CBDCAAD00E339B2 /* Debug */,
				90AEC19F2CBDCAAD00E339B2 /* Release */,
			);
			defaultConfigurationIsVisible = 0;
			defaultConfigurationName = Release;
		};
		90AEC1A02CBDCAAD00E339B2 /* Build configuration list for PBXNativeTarget "Child and Parent ViewsUITests" */ = {
			isa = XCConfigurationList;
			buildConfigurations = (
				90AEC1A12CBDCAAD00E339B2 /* Debug */,
				90AEC1A22CBDCAAD00E339B2 /* Release */,
			);
			defaultConfigurationIsVisible = 0;
			defaultConfigurationName = Release;
		};
/* End XCConfigurationList section */
	};
	rootObject = 90AEC16E2CBDCAAB00E339B2 /* Project object */;
}
