// !$*UTF8*$!
{
	archiveVersion = 1;
	classes = {
	};
	objectVersion = 56;
	objects = {

/* Begin PBXBuildFile section */
		90AEC1B22CBDD1E300E339B2 /* Navigating_an_AppApp.swift in Sources */ = {isa = PBXBuildFile; fileRef = 90AEC1B12CBDD1E300E339B2 /* Navigating_an_AppApp.swift */; };
		90AEC1B42CBDD1E300E339B2 /* ContentView.swift in Sources */ = {isa = PBXBuildFile; fileRef = 90AEC1B32CBDD1E300E339B2 /* ContentView.swift */; };
		90AEC1B62CBDD1E500E339B2 /* Assets.xcassets in Resources */ = {isa = PBXBuildFile; fileRef = 90AEC1B52CBDD1E500E339B2 /* Assets.xcassets */; };
		90AEC1B92CBDD1E500E339B2 /* Preview Assets.xcassets in Resources */ = {isa = PBXBuildFile; fileRef = 90AEC1B82CBDD1E500E339B2 /* Preview Assets.xcassets */; };
		90AEC1C32CBDD1E600E339B2 /* Navigating_an_AppTests.swift in Sources */ = {isa = PBXBuildFile; fileRef = 90AEC1C22CBDD1E600E339B2 /* Navigating_an_AppTests.swift */; };
		90AEC1CD2CBDD1E600E339B2 /* Navigating_an_AppUITests.swift in Sources */ = {isa = PBXBuildFile; fileRef = 90AEC1CC2CBDD1E600E339B2 /* Navigating_an_AppUITests.swift */; };
		90AEC1CF2CBDD1E600E339B2 /* Navigating_an_AppUITestsLaunchTests.swift in Sources */ = {isa = PBXBuildFile; fileRef = 90AEC1CE2CBDD1E600E339B2 /* Navigating_an_AppUITestsLaunchTests.swift */; };
		90AEC1DC2CBDD22300E339B2 /* SwiftUIView.swift in Sources */ = {isa = PBXBuildFile; fileRef = 90AEC1DB2CBDD22300E339B2 /* SwiftUIView.swift */; };
/* End PBXBuildFile section */

/* Begin PBXContainerItemProxy section */
		90AEC1BF2CBDD1E600E339B2 /* PBXContainerItemProxy */ = {
			isa = PBXContainerItemProxy;
			containerPortal = 90AEC1A62CBDD1E300E339B2 /* Project object */;
			proxyType = 1;
			remoteGlobalIDString = 90AEC1AD2CBDD1E300E339B2;
			remoteInfo = "Navigating an App";
		};
		90AEC1C92CBDD1E600E339B2 /* PBXContainerItemProxy */ = {
			isa = PBXContainerItemProxy;
			containerPortal = 90AEC1A62CBDD1E300E339B2 /* Project object */;
			proxyType = 1;
			remoteGlobalIDString = 90AEC1AD2CBDD1E300E339B2;
			remoteInfo = "Navigating an App";
		};
/* End PBXContainerItemProxy section */

/* Begin PBXFileReference section */
		90AEC1AE2CBDD1E300E339B2 /* Navigating an App.app */ = {isa = PBXFileReference; explicitFileType = wrapper.application; includeInIndex = 0; path = "Navigating an App.app"; sourceTree = BUILT_PRODUCTS_DIR; };
		90AEC1B12CBDD1E300E339B2 /* Navigating_an_AppApp.swift */ = {isa = PBXFileReference; lastKnownFileType = sourcecode.swift; path = Navigating_an_AppApp.swift; sourceTree = "<group>"; };
		90AEC1B32CBDD1E300E339B2 /* ContentView.swift */ = {isa = PBXFileReference; lastKnownFileType = sourcecode.swift; path = ContentView.swift; sourceTree = "<group>"; };
		90AEC1B52CBDD1E500E339B2 /* Assets.xcassets */ = {isa = PBXFileReference; lastKnownFileType = folder.assetcatalog; path = Assets.xcassets; sourceTree = "<group>"; };
		90AEC1B82CBDD1E500E339B2 /* Preview Assets.xcassets */ = {isa = PBXFileReference; lastKnownFileType = folder.assetcatalog; path = "Preview Assets.xcassets"; sourceTree = "<group>"; };
		90AEC1BE2CBDD1E600E339B2 /* Navigating an AppTests.xctest */ = {isa = PBXFileReference; explicitFileType = wrapper.cfbundle; includeInIndex = 0; path = "Navigating an AppTests.xctest"; sourceTree = BUILT_PRODUCTS_DIR; };
		90AEC1C22CBDD1E600E339B2 /* Navigating_an_AppTests.swift */ = {isa = PBXFileReference; lastKnownFileType = sourcecode.swift; path = Navigating_an_AppTests.swift; sourceTree = "<group>"; };
		90AEC1C82CBDD1E600E339B2 /* Navigating an AppUITests.xctest */ = {isa = PBXFileReference; explicitFileType = wrapper.cfbundle; includeInIndex = 0; path = "Navigating an AppUITests.xctest"; sourceTree = BUILT_PRODUCTS_DIR; };
		90AEC1CC2CBDD1E600E339B2 /* Navigating_an_AppUITests.swift */ = {isa = PBXFileReference; lastKnownFileType = sourcecode.swift; path = Navigating_an_AppUITests.swift; sourceTree = "<group>"; };
		90AEC1CE2CBDD1E600E339B2 /* Navigating_an_AppUITestsLaunchTests.swift */ = {isa = PBXFileReference; lastKnownFileType = sourcecode.swift; path = Navigating_an_AppUITestsLaunchTests.swift; sourceTree = "<group>"; };
		90AEC1DB2CBDD22300E339B2 /* SwiftUIView.swift */ = {isa = PBXFileReference; lastKnownFileType = sourcecode.swift; path = SwiftUIView.swift; sourceTree = "<group>"; };
/* End PBXFileReference section */

/* Begin PBXFrameworksBuildPhase section */
		90AEC1AB2CBDD1E300E339B2 /* Frameworks */ = {
			isa = PBXFrameworksBuildPhase;
			buildActionMask = 2147483647;
			files = (
			);
			runOnlyForDeploymentPostprocessing = 0;
		};
		90AEC1BB2CBDD1E600E339B2 /* Frameworks */ = {
			isa = PBXFrameworksBuildPhase;
			buildActionMask = 2147483647;
			files = (
			);
			runOnlyForDeploymentPostprocessing = 0;
		};
		90AEC1C52CBDD1E600E339B2 /* Frameworks */ = {
			isa = PBXFrameworksBuildPhase;
			buildActionMask = 2147483647;
			files = (
			);
			runOnlyForDeploymentPostprocessing = 0;
		};
/* End PBXFrameworksBuildPhase section */

/* Begin PBXGroup section */
		90AEC1A52CBDD1E300E339B2 = {
			isa = PBXGroup;
			children = (
				90AEC1B02CBDD1E300E339B2 /* Navigating an App */,
				90AEC1C12CBDD1E600E339B2 /* Navigating an AppTests */,
				90AEC1CB2CBDD1E600E339B2 /* Navigating an AppUITests */,
				90AEC1AF2CBDD1E300E339B2 /* Products */,
			);
			sourceTree = "<group>";
		};
		90AEC1AF2CBDD1E300E339B2 /* Products */ = {
			isa = PBXGroup;
			children = (
				90AEC1AE2CBDD1E300E339B2 /* Navigating an App.app */,
				90AEC1BE2CBDD1E600E339B2 /* Navigating an AppTests.xctest */,
				90AEC1C82CBDD1E600E339B2 /* Navigating an AppUITests.xctest */,
			);
			name = Products;
			sourceTree = "<group>";
		};
		90AEC1B02CBDD1E300E339B2 /* Navigating an App */ = {
			isa = PBXGroup;
			children = (
				90AEC1B12CBDD1E300E339B2 /* Navigating_an_AppApp.swift */,
				90AEC1B32CBDD1E300E339B2 /* ContentView.swift */,
				90AEC1DB2CBDD22300E339B2 /* SwiftUIView.swift */,
				90AEC1B52CBDD1E500E339B2 /* Assets.xcassets */,
				90AEC1B72CBDD1E500E339B2 /* Preview Content */,
			);
			path = "Navigating an App";
			sourceTree = "<group>";
		};
		90AEC1B72CBDD1E500E339B2 /* Preview Content */ = {
			isa = PBXGroup;
			children = (
				90AEC1B82CBDD1E500E339B2 /* Preview Assets.xcassets */,
			);
			path = "Preview Content";
			sourceTree = "<group>";
		};
		90AEC1C12CBDD1E600E339B2 /* Navigating an AppTests */ = {
			isa = PBXGroup;
			children = (
				90AEC1C22CBDD1E600E339B2 /* Navigating_an_AppTests.swift */,
			);
			path = "Navigating an AppTests";
			sourceTree = "<group>";
		};
		90AEC1CB2CBDD1E600E339B2 /* Navigating an AppUITests */ = {
			isa = PBXGroup;
			children = (
				90AEC1CC2CBDD1E600E339B2 /* Navigating_an_AppUITests.swift */,
				90AEC1CE2CBDD1E600E339B2 /* Navigating_an_AppUITestsLaunchTests.swift */,
			);
			path = "Navigating an AppUITests";
			sourceTree = "<group>";
		};
/* End PBXGroup section */

/* Begin PBXNativeTarget section */
		90AEC1AD2CBDD1E300E339B2 /* Navigating an App */ = {
			isa = PBXNativeTarget;
			buildConfigurationList = 90AEC1D22CBDD1E600E339B2 /* Build configuration list for PBXNativeTarget "Navigating an App" */;
			buildPhases = (
				90AEC1AA2CBDD1E300E339B2 /* Sources */,
				90AEC1AB2CBDD1E300E339B2 /* Frameworks */,
				90AEC1AC2CBDD1E300E339B2 /* Resources */,
			);
			buildRules = (
			);
			dependencies = (
			);
			name = "Navigating an App";
			productName = "Navigating an App";
			productReference = 90AEC1AE2CBDD1E300E339B2 /* Navigating an App.app */;
			productType = "com.apple.product-type.application";
		};
		90AEC1BD2CBDD1E600E339B2 /* Navigating an AppTests */ = {
			isa = PBXNativeTarget;
			buildConfigurationList = 90AEC1D52CBDD1E600E339B2 /* Build configuration list for PBXNativeTarget "Navigating an AppTests" */;
			buildPhases = (
				90AEC1BA2CBDD1E600E339B2 /* Sources */,
				90AEC1BB2CBDD1E600E339B2 /* Frameworks */,
				90AEC1BC2CBDD1E600E339B2 /* Resources */,
			);
			buildRules = (
			);
			dependencies = (
				90AEC1C02CBDD1E600E339B2 /* PBXTargetDependency */,
			);
			name = "Navigating an AppTests";
			productName = "Navigating an AppTests";
			productReference = 90AEC1BE2CBDD1E600E339B2 /* Navigating an AppTests.xctest */;
			productType = "com.apple.product-type.bundle.unit-test";
		};
		90AEC1C72CBDD1E600E339B2 /* Navigating an AppUITests */ = {
			isa = PBXNativeTarget;
			buildConfigurationList = 90AEC1D82CBDD1E600E339B2 /* Build configuration list for PBXNativeTarget "Navigating an AppUITests" */;
			buildPhases = (
				90AEC1C42CBDD1E600E339B2 /* Sources */,
				90AEC1C52CBDD1E600E339B2 /* Frameworks */,
				90AEC1C62CBDD1E600E339B2 /* Resources */,
			);
			buildRules = (
			);
			dependencies = (
				90AEC1CA2CBDD1E600E339B2 /* PBXTargetDependency */,
			);
			name = "Navigating an AppUITests";
			productName = "Navigating an AppUITests";
			productReference = 90AEC1C82CBDD1E600E339B2 /* Navigating an AppUITests.xctest */;
			productType = "com.apple.product-type.bundle.ui-testing";
		};
/* End PBXNativeTarget section */

/* Begin PBXProject section */
		90AEC1A62CBDD1E300E339B2 /* Project object */ = {
			isa = PBXProject;
			attributes = {
				BuildIndependentTargetsInParallel = 1;
				LastSwiftUpdateCheck = 1540;
				LastUpgradeCheck = 1540;
				TargetAttributes = {
					90AEC1AD2CBDD1E300E339B2 = {
						CreatedOnToolsVersion = 15.4;
					};
					90AEC1BD2CBDD1E600E339B2 = {
						CreatedOnToolsVersion = 15.4;
						TestTargetID = 90AEC1AD2CBDD1E300E339B2;
					};
					90AEC1C72CBDD1E600E339B2 = {
						CreatedOnToolsVersion = 15.4;
						TestTargetID = 90AEC1AD2CBDD1E300E339B2;
					};
				};
			};
			buildConfigurationList = 90AEC1A92CBDD1E300E339B2 /* Build configuration list for PBXProject "Navigating an App" */;
			compatibilityVersion = "Xcode 14.0";
			developmentRegion = en;
			hasScannedForEncodings = 0;
			knownRegions = (
				en,
				Base,
			);
			mainGroup = 90AEC1A52CBDD1E300E339B2;
			productRefGroup = 90AEC1AF2CBDD1E300E339B2 /* Products */;
			projectDirPath = "";
			projectRoot = "";
			targets = (
				90AEC1AD2CBDD1E300E339B2 /* Navigating an App */,
				90AEC1BD2CBDD1E600E339B2 /* Navigating an AppTests */,
				90AEC1C72CBDD1E600E339B2 /* Navigating an AppUITests */,
			);
		};
/* End PBXProject section */

/* Begin PBXResourcesBuildPhase section */
		90AEC1AC2CBDD1E300E339B2 /* Resources */ = {
			isa = PBXResourcesBuildPhase;
			buildActionMask = 2147483647;
			files = (
				90AEC1B92CBDD1E500E339B2 /* Preview Assets.xcassets in Resources */,
				90AEC1B62CBDD1E500E339B2 /* Assets.xcassets in Resources */,
			);
			runOnlyForDeploymentPostprocessing = 0;
		};
		90AEC1BC2CBDD1E600E339B2 /* Resources */ = {
			isa = PBXResourcesBuildPhase;
			buildActionMask = 2147483647;
			files = (
			);
			runOnlyForDeploymentPostprocessing = 0;
		};
		90AEC1C62CBDD1E600E339B2 /* Resources */ = {
			isa = PBXResourcesBuildPhase;
			buildActionMask = 2147483647;
			files = (
			);
			runOnlyForDeploymentPostprocessing = 0;
		};
/* End PBXResourcesBuildPhase section */

/* Begin PBXSourcesBuildPhase section */
		90AEC1AA2CBDD1E300E339B2 /* Sources */ = {
			isa = PBXSourcesBuildPhase;
			buildActionMask = 2147483647;
			files = (
				90AEC1B42CBDD1E300E339B2 /* ContentView.swift in Sources */,
				90AEC1B22CBDD1E300E339B2 /* Navigating_an_AppApp.swift in Sources */,
				90AEC1DC2CBDD22300E339B2 /* SwiftUIView.swift in Sources */,
			);
			runOnlyForDeploymentPostprocessing = 0;
		};
		90AEC1BA2CBDD1E600E339B2 /* Sources */ = {
			isa = PBXSourcesBuildPhase;
			buildActionMask = 2147483647;
			files = (
				90AEC1C32CBDD1E600E339B2 /* Navigating_an_AppTests.swift in Sources */,
			);
			runOnlyForDeploymentPostprocessing = 0;
		};
		90AEC1C42CBDD1E600E339B2 /* Sources */ = {
			isa = PBXSourcesBuildPhase;
			buildActionMask = 2147483647;
			files = (
				90AEC1CD2CBDD1E600E339B2 /* Navigating_an_AppUITests.swift in Sources */,
				90AEC1CF2CBDD1E600E339B2 /* Navigating_an_AppUITestsLaunchTests.swift in Sources */,
			);
			runOnlyForDeploymentPostprocessing = 0;
		};
/* End PBXSourcesBuildPhase section */

/* Begin PBXTargetDependency section */
		90AEC1C02CBDD1E600E339B2 /* PBXTargetDependency */ = {
			isa = PBXTargetDependency;
			target = 90AEC1AD2CBDD1E300E339B2 /* Navigating an App */;
			targetProxy = 90AEC1BF2CBDD1E600E339B2 /* PBXContainerItemProxy */;
		};
		90AEC1CA2CBDD1E600E339B2 /* PBXTargetDependency */ = {
			isa = PBXTargetDependency;
			target = 90AEC1AD2CBDD1E300E339B2 /* Navigating an App */;
			targetProxy = 90AEC1C92CBDD1E600E339B2 /* PBXContainerItemProxy */;
		};
/* End PBXTargetDependency section */

/* Begin XCBuildConfiguration section */
		90AEC1D02CBDD1E600E339B2 /* Debug */ = {
			isa = XCBuildConfiguration;
			buildSettings = {
				ALWAYS_SEARCH_USER_PATHS = NO;
				ASSETCATALOG_COMPILER_GENERATE_SWIFT_ASSET_SYMBOL_EXTENSIONS = YES;
				CLANG_ANALYZER_NONNULL = YES;
				CLANG_ANALYZER_NUMBER_OBJECT_CONVERSION = YES_AGGRESSIVE;
				CLANG_CXX_LANGUAGE_STANDARD = "gnu++20";
				CLANG_ENABLE_MODULES = YES;
				CLANG_ENABLE_OBJC_ARC = YES;
				CLANG_ENABLE_OBJC_WEAK = YES;
				CLANG_WARN_BLOCK_CAPTURE_AUTORELEASING = YES;
				CLANG_WARN_BOOL_CONVERSION = YES;
				CLANG_WARN_COMMA = YES;
				CLANG_WARN_CONSTANT_CONVERSION = YES;
				CLANG_WARN_DEPRECATED_OBJC_IMPLEMENTATIONS = YES;
				CLANG_WARN_DIRECT_OBJC_ISA_USAGE = YES_ERROR;
				CLANG_WARN_DOCUMENTATION_COMMENTS = YES;
				CLANG_WARN_EMPTY_BODY = YES;
				CLANG_WARN_ENUM_CONVERSION = YES;
				CLANG_WARN_INFINITE_RECURSION = YES;
				CLANG_WARN_INT_CONVERSION = YES;
				CLANG_WARN_NON_LITERAL_NULL_CONVERSION = YES;
				CLANG_WARN_OBJC_IMPLICIT_RETAIN_SELF = YES;
				CLANG_WARN_OBJC_LITERAL_CONVERSION = YES;
				CLANG_WARN_OBJC_ROOT_CLASS = YES_ERROR;
				CLANG_WARN_QUOTED_INCLUDE_IN_FRAMEWORK_HEADER = YES;
				CLANG_WARN_RANGE_LOOP_ANALYSIS = YES;
				CLANG_WARN_STRICT_PROTOTYPES = YES;
				CLANG_WARN_SUSPICIOUS_MOVE = YES;
				CLANG_WARN_UNGUARDED_AVAILABILITY = YES_AGGRESSIVE;
				CLANG_WARN_UNREACHABLE_CODE = YES;
				CLANG_WARN__DUPLICATE_METHOD_MATCH = YES;
				COPY_PHASE_STRIP = NO;
				DEBUG_INFORMATION_FORMAT = dwarf;
				ENABLE_STRICT_OBJC_MSGSEND = YES;
				ENABLE_TESTABILITY = YES;
				ENABLE_USER_SCRIPT_SANDBOXING = YES;
				GCC_C_LANGUAGE_STANDARD = gnu17;
				GCC_DYNAMIC_NO_PIC = NO;
				GCC_NO_COMMON_BLOCKS = YES;
				GCC_OPTIMIZATION_LEVEL = 0;
				GCC_PREPROCESSOR_DEFINITIONS = (
					"DEBUG=1",
					"$(inherited)",
				);
				GCC_WARN_64_TO_32_BIT_CONVERSION = YES;
				GCC_WARN_ABOUT_RETURN_TYPE = YES_ERROR;
				GCC_WARN_UNDECLARED_SELECTOR = YES;
				GCC_WARN_UNINITIALIZED_AUTOS = YES_AGGRESSIVE;
				GCC_WARN_UNUSED_FUNCTION = YES;
				GCC_WARN_UNUSED_VARIABLE = YES;
				IPHONEOS_DEPLOYMENT_TARGET = 17.5;
				LOCALIZATION_PREFERS_STRING_CATALOGS = YES;
				MTL_ENABLE_DEBUG_INFO = INCLUDE_SOURCE;
				MTL_FAST_MATH = YES;
				ONLY_ACTIVE_ARCH = YES;
				SDKROOT = iphoneos;
				SWIFT_ACTIVE_COMPILATION_CONDITIONS = "DEBUG $(inherited)";
				SWIFT_OPTIMIZATION_LEVEL = "-Onone";
			};
			name = Debug;
		};
		90AEC1D12CBDD1E600E339B2 /* Release */ = {
			isa = XCBuildConfiguration;
			buildSettings = {
				ALWAYS_SEARCH_USER_PATHS = NO;
				ASSETCATALOG_COMPILER_GENERATE_SWIFT_ASSET_SYMBOL_EXTENSIONS = YES;
				CLANG_ANALYZER_NONNULL = YES;
				CLANG_ANALYZER_NUMBER_OBJECT_CONVERSION = YES_AGGRESSIVE;
				CLANG_CXX_LANGUAGE_STANDARD = "gnu++20";
				CLANG_ENABLE_MODULES = YES;
				CLANG_ENABLE_OBJC_ARC = YES;
				CLANG_ENABLE_OBJC_WEAK = YES;
				CLANG_WARN_BLOCK_CAPTURE_AUTORELEASING = YES;
				CLANG_WARN_BOOL_CONVERSION = YES;
				CLANG_WARN_COMMA = YES;
				CLANG_WARN_CONSTANT_CONVERSION = YES;
				CLANG_WARN_DEPRECATED_OBJC_IMPLEMENTATIONS = YES;
				CLANG_WARN_DIRECT_OBJC_ISA_USAGE = YES_ERROR;
				CLANG_WARN_DOCUMENTATION_COMMENTS = YES;
				CLANG_WARN_EMPTY_BODY = YES;
				CLANG_WARN_ENUM_CONVERSION = YES;
				CLANG_WARN_INFINITE_RECURSION = YES;
				CLANG_WARN_INT_CONVERSION = YES;
				CLANG_WARN_NON_LITERAL_NULL_CONVERSION = YES;
				CLANG_WARN_OBJC_IMPLICIT_RETAIN_SELF = YES;
				CLANG_WARN_OBJC_LITERAL_CONVERSION = YES;
				CLANG_WARN_OBJC_ROOT_CLASS = YES_ERROR;
				CLANG_WARN_QUOTED_INCLUDE_IN_FRAMEWORK_HEADER = YES;
				CLANG_WARN_RANGE_LOOP_ANALYSIS = YES;
				CLANG_WARN_STRICT_PROTOTYPES = YES;
				CLANG_WARN_SUSPICIOUS_MOVE = YES;
				CLANG_WARN_UNGUARDED_AVAILABILITY = YES_AGGRESSIVE;
				CLANG_WARN_UNREACHABLE_CODE = YES;
				CLANG_WARN__DUPLICATE_METHOD_MATCH = YES;
				COPY_PHASE_STRIP = NO;
				DEBUG_INFORMATION_FORMAT = "dwarf-with-dsym";
				ENABLE_NS_ASSERTIONS = NO;
				ENABLE_STRICT_OBJC_MSGSEND = YES;
				ENABLE_USER_SCRIPT_SANDBOXING = YES;
				GCC_C_LANGUAGE_STANDARD = gnu17;
				GCC_NO_COMMON_BLOCKS = YES;
				GCC_WARN_64_TO_32_BIT_CONVERSION = YES;
				GCC_WARN_ABOUT_RETURN_TYPE = YES_ERROR;
				GCC_WARN_UNDECLARED_SELECTOR = YES;
				GCC_WARN_UNINITIALIZED_AUTOS = YES_AGGRESSIVE;
				GCC_WARN_UNUSED_FUNCTION = YES;
				GCC_WARN_UNUSED_VARIABLE = YES;
				IPHONEOS_DEPLOYMENT_TARGET = 17.5;
				LOCALIZATION_PREFERS_STRING_CATALOGS = YES;
				MTL_ENABLE_DEBUG_INFO = NO;
				MTL_FAST_MATH = YES;
				SDKROOT = iphoneos;
				SWIFT_COMPILATION_MODE = wholemodule;
				VALIDATE_PRODUCT = YES;
			};
			name = Release;
		};
		90AEC1D32CBDD1E600E339B2 /* Debug */ = {
			isa = XCBuildConfiguration;
			buildSettings = {
				ASSETCATALOG_COMPILER_APPICON_NAME = AppIcon;
				ASSETCATALOG_COMPILER_GLOBAL_ACCENT_COLOR_NAME = AccentColor;
				CODE_SIGN_STYLE = Automatic;
				CURRENT_PROJECT_VERSION = 1;
				DEVELOPMENT_ASSET_PATHS = "\"Navigating an App/Preview Content\"";
				ENABLE_PREVIEWS = YES;
				GENERATE_INFOPLIST_FILE = YES;
				INFOPLIST_KEY_UIApplicationSceneManifest_Generation = YES;
				INFOPLIST_KEY_UIApplicationSupportsIndirectInputEvents = YES;
				INFOPLIST_KEY_UILaunchScreen_Generation = YES;
				INFOPLIST_KEY_UISupportedInterfaceOrientations_iPad = "UIInterfaceOrientationPortrait UIInterfaceOrientationPortraitUpsideDown UIInterfaceOrientationLandscapeLeft UIInterfaceOrientationLandscapeRight";
				INFOPLIST_KEY_UISupportedInterfaceOrientations_iPhone = "UIInterfaceOrientationPortrait UIInterfaceOrientationLandscapeLeft UIInterfaceOrientationLandscapeRight";
				LD_RUNPATH_SEARCH_PATHS = (
					"$(inherited)",
					"@executable_path/Frameworks",
				);
				MARKETING_VERSION = 1.0;
				PRODUCT_BUNDLE_IDENTIFIER = "conan.Navigating-an-App";
				PRODUCT_NAME = "$(TARGET_NAME)";
				SWIFT_EMIT_LOC_STRINGS = YES;
				SWIFT_VERSION = 5.0;
				TARGETED_DEVICE_FAMILY = "1,2";
			};
			name = Debug;
		};
		90AEC1D42CBDD1E600E339B2 /* Release */ = {
			isa = XCBuildConfiguration;
			buildSettings = {
				ASSETCATALOG_COMPILER_APPICON_NAME = AppIcon;
				ASSETCATALOG_COMPILER_GLOBAL_ACCENT_COLOR_NAME = AccentColor;
				CODE_SIGN_STYLE = Automatic;
				CURRENT_PROJECT_VERSION = 1;
				DEVELOPMENT_ASSET_PATHS = "\"Navigating an App/Preview Content\"";
				ENABLE_PREVIEWS = YES;
				GENERATE_INFOPLIST_FILE = YES;
				INFOPLIST_KEY_UIApplicationSceneManifest_Generation = YES;
				INFOPLIST_KEY_UIApplicationSupportsIndirectInputEvents = YES;
				INFOPLIST_KEY_UILaunchScreen_Generation = YES;
				INFOPLIST_KEY_UISupportedInterfaceOrientations_iPad = "UIInterfaceOrientationPortrait UIInterfaceOrientationPortraitUpsideDown UIInterfaceOrientationLandscapeLeft UIInterfaceOrientationLandscapeRight";
				INFOPLIST_KEY_UISupportedInterfaceOrientations_iPhone = "UIInterfaceOrientationPortrait UIInterfaceOrientationLandscapeLeft UIInterfaceOrientationLandscapeRight";
				LD_RUNPATH_SEARCH_PATHS = (
					"$(inherited)",
					"@executable_path/Frameworks",
				);
				MARKETING_VERSION = 1.0;
				PRODUCT_BUNDLE_IDENTIFIER = "conan.Navigating-an-App";
				PRODUCT_NAME = "$(TARGET_NAME)";
				SWIFT_EMIT_LOC_STRINGS = YES;
				SWIFT_VERSION = 5.0;
				TARGETED_DEVICE_FAMILY = "1,2";
			};
			name = Release;
		};
		90AEC1D62CBDD1E600E339B2 /* Debug */ = {
			isa = XCBuildConfiguration;
			buildSettings = {
				ALWAYS_EMBED_SWIFT_STANDARD_LIBRARIES = YES;
				BUNDLE_LOADER = "$(TEST_HOST)";
				CODE_SIGN_STYLE = Automatic;
				CURRENT_PROJECT_VERSION = 1;
				GENERATE_INFOPLIST_FILE = YES;
				IPHONEOS_DEPLOYMENT_TARGET = 17.5;
				MARKETING_VERSION = 1.0;
				PRODUCT_BUNDLE_IDENTIFIER = "conan.Navigating-an-AppTests";
				PRODUCT_NAME = "$(TARGET_NAME)";
				SWIFT_EMIT_LOC_STRINGS = NO;
				SWIFT_VERSION = 5.0;
				TARGETED_DEVICE_FAMILY = "1,2";
				TEST_HOST = "$(BUILT_PRODUCTS_DIR)/Navigating an App.app/$(BUNDLE_EXECUTABLE_FOLDER_PATH)/Navigating an App";
			};
			name = Debug;
		};
		90AEC1D72CBDD1E600E339B2 /* Release */ = {
			isa = XCBuildConfiguration;
			buildSettings = {
				ALWAYS_EMBED_SWIFT_STANDARD_LIBRARIES = YES;
				BUNDLE_LOADER = "$(TEST_HOST)";
				CODE_SIGN_STYLE = Automatic;
				CURRENT_PROJECT_VERSION = 1;
				GENERATE_INFOPLIST_FILE = YES;
				IPHONEOS_DEPLOYMENT_TARGET = 17.5;
				MARKETING_VERSION = 1.0;
				PRODUCT_BUNDLE_IDENTIFIER = "conan.Navigating-an-AppTests";
				PRODUCT_NAME = "$(TARGET_NAME)";
				SWIFT_EMIT_LOC_STRINGS = NO;
				SWIFT_VERSION = 5.0;
				TARGETED_DEVICE_FAMILY = "1,2";
				TEST_HOST = "$(BUILT_PRODUCTS_DIR)/Navigating an App.app/$(BUNDLE_EXECUTABLE_FOLDER_PATH)/Navigating an App";
			};
			name = Release;
		};
		90AEC1D92CBDD1E600E339B2 /* Debug */ = {
			isa = XCBuildConfiguration;
			buildSettings = {
				ALWAYS_EMBED_SWIFT_STANDARD_LIBRARIES = YES;
				CODE_SIGN_STYLE = Automatic;
				CURRENT_PROJECT_VERSION = 1;
				GENERATE_INFOPLIST_FILE = YES;
				MARKETING_VERSION = 1.0;
				PRODUCT_BUNDLE_IDENTIFIER = "conan.Navigating-an-AppUITests";
				PRODUCT_NAME = "$(TARGET_NAME)";
				SWIFT_EMIT_LOC_STRINGS = NO;
				SWIFT_VERSION = 5.0;
				TARGETED_DEVICE_FAMILY = "1,2";
				TEST_TARGET_NAME = "Navigating an App";
			};
			name = Debug;
		};
		90AEC1DA2CBDD1E600E339B2 /* Release */ = {
			isa = XCBuildConfiguration;
			buildSettings = {
				ALWAYS_EMBED_SWIFT_STANDARD_LIBRARIES = YES;
				CODE_SIGN_STYLE = Automatic;
				CURRENT_PROJECT_VERSION = 1;
				GENERATE_INFOPLIST_FILE = YES;
				MARKETING_VERSION = 1.0;
				PRODUCT_BUNDLE_IDENTIFIER = "conan.Navigating-an-AppUITests";
				PRODUCT_NAME = "$(TARGET_NAME)";
				SWIFT_EMIT_LOC_STRINGS = NO;
				SWIFT_VERSION = 5.0;
				TARGETED_DEVICE_FAMILY = "1,2";
				TEST_TARGET_NAME = "Navigating an App";
			};
			name = Release;
		};
/* End XCBuildConfiguration section */

/* Begin XCConfigurationList section */
		90AEC1A92CBDD1E300E339B2 /* Build configuration list for PBXProject "Navigating an App" */ = {
			isa = XCConfigurationList;
			buildConfigurations = (
				90AEC1D02CBDD1E600E339B2 /* Debug */,
				90AEC1D12CBDD1E600E339B2 /* Release */,
			);
			defaultConfigurationIsVisible = 0;
			defaultConfigurationName = Release;
		};
		90AEC1D22CBDD1E600E339B2 /* Build configuration list for PBXNativeTarget "Navigating an App" */ = {
			isa = XCConfigurationList;
			buildConfigurations = (
				90AEC1D32CBDD1E600E339B2 /* Debug */,
				90AEC1D42CBDD1E600E339B2 /* Release */,
			);
			defaultConfigurationIsVisible = 0;
			defaultConfigurationName = Release;
		};
		90AEC1D52CBDD1E600E339B2 /* Build configuration list for PBXNativeTarget "Navigating an AppTests" */ = {
			isa = XCConfigurationList;
			buildConfigurations = (
				90AEC1D62CBDD1E600E339B2 /* Debug */,
				90AEC1D72CBDD1E600E339B2 /* Release */,
			);
			defaultConfigurationIsVisible = 0;
			defaultConfigurationName = Release;
		};
		90AEC1D82CBDD1E600E339B2 /* Build configuration list for PBXNativeTarget "Navigating an AppUITests" */ = {
			isa = XCConfigurationList;
			buildConfigurations = (
				90AEC1D92CBDD1E600E339B2 /* Debug */,
				90AEC1DA2CBDD1E600E339B2 /* Release */,
			);
			defaultConfigurationIsVisible = 0;
			defaultConfigurationName = Release;
		};
/* End XCConfigurationList section */
	};
	rootObject = 90AEC1A62CBDD1E300E339B2 /* Project object */;
}
