// !$*UTF8*$!
{
	archiveVersion = 1;
	classes = {
	};
	objectVersion = 56;
	objects = {

/* Begin PBXBuildFile section */
		909A3F652CB48C8200B34733 /* Observing_a_TextFieldApp.swift in Sources */ = {isa = PBXBuildFile; fileRef = 909A3F642CB48C8200B34733 /* Observing_a_TextFieldApp.swift */; };
		909A3F672CB48C8200B34733 /* ContentView.swift in Sources */ = {isa = PBXBuildFile; fileRef = 909A3F662CB48C8200B34733 /* ContentView.swift */; };
		909A3F692CB48C8400B34733 /* Assets.xcassets in Resources */ = {isa = PBXBuildFile; fileRef = 909A3F682CB48C8400B34733 /* Assets.xcassets */; };
		909A3F6C2CB48C8400B34733 /* Preview Assets.xcassets in Resources */ = {isa = PBXBuildFile; fileRef = 909A3F6B2CB48C8400B34733 /* Preview Assets.xcassets */; };
		909A3F762CB48C8500B34733 /* Observing_a_TextFieldTests.swift in Sources */ = {isa = PBXBuildFile; fileRef = 909A3F752CB48C8500B34733 /* Observing_a_TextFieldTests.swift */; };
		909A3F802CB48C8500B34733 /* Observing_a_TextFieldUITests.swift in Sources */ = {isa = PBXBuildFile; fileRef = 909A3F7F2CB48C8500B34733 /* Observing_a_TextFieldUITests.swift */; };
		909A3F822CB48C8500B34733 /* Observing_a_TextFieldUITestsLaunchTests.swift in Sources */ = {isa = PBXBuildFile; fileRef = 909A3F812CB48C8500B34733 /* Observing_a_TextFieldUITestsLaunchTests.swift */; };
		909A3F912CB48CCE00B34733 /* ReservationForm.swift in Sources */ = {isa = PBXBuildFile; fileRef = 909A3F902CB48CCE00B34733 /* ReservationForm.swift */; };
/* End PBXBuildFile section */

/* Begin PBXContainerItemProxy section */
		909A3F722CB48C8500B34733 /* PBXContainerItemProxy */ = {
			isa = PBXContainerItemProxy;
			containerPortal = 909A3F592CB48C8200B34733 /* Project object */;
			proxyType = 1;
			remoteGlobalIDString = 909A3F602CB48C8200B34733;
			remoteInfo = "Observing a TextField";
		};
		909A3F7C2CB48C8500B34733 /* PBXContainerItemProxy */ = {
			isa = PBXContainerItemProxy;
			containerPortal = 909A3F592CB48C8200B34733 /* Project object */;
			proxyType = 1;
			remoteGlobalIDString = 909A3F602CB48C8200B34733;
			remoteInfo = "Observing a TextField";
		};
/* End PBXContainerItemProxy section */

/* Begin PBXFileReference section */
		909A3F612CB48C8200B34733 /* Observing a TextField.app */ = {isa = PBXFileReference; explicitFileType = wrapper.application; includeInIndex = 0; path = "Observing a TextField.app"; sourceTree = BUILT_PRODUCTS_DIR; };
		909A3F642CB48C8200B34733 /* Observing_a_TextFieldApp.swift */ = {isa = PBXFileReference; lastKnownFileType = sourcecode.swift; path = Observing_a_TextFieldApp.swift; sourceTree = "<group>"; };
		909A3F662CB48C8200B34733 /* ContentView.swift */ = {isa = PBXFileReference; lastKnownFileType = sourcecode.swift; path = ContentView.swift; sourceTree = "<group>"; };
		909A3F682CB48C8400B34733 /* Assets.xcassets */ = {isa = PBXFileReference; lastKnownFileType = folder.assetcatalog; path = Assets.xcassets; sourceTree = "<group>"; };
		909A3F6B2CB48C8400B34733 /* Preview Assets.xcassets */ = {isa = PBXFileReference; lastKnownFileType = folder.assetcatalog; path = "Preview Assets.xcassets"; sourceTree = "<group>"; };
		909A3F712CB48C8500B34733 /* Observing a TextFieldTests.xctest */ = {isa = PBXFileReference; explicitFileType = wrapper.cfbundle; includeInIndex = 0; path = "Observing a TextFieldTests.xctest"; sourceTree = BUILT_PRODUCTS_DIR; };
		909A3F752CB48C8500B34733 /* Observing_a_TextFieldTests.swift */ = {isa = PBXFileReference; lastKnownFileType = sourcecode.swift; path = Observing_a_TextFieldTests.swift; sourceTree = "<group>"; };
		909A3F7B2CB48C8500B34733 /* Observing a TextFieldUITests.xctest */ = {isa = PBXFileReference; explicitFileType = wrapper.cfbundle; includeInIndex = 0; path = "Observing a TextFieldUITests.xctest"; sourceTree = BUILT_PRODUCTS_DIR; };
		909A3F7F2CB48C8500B34733 /* Observing_a_TextFieldUITests.swift */ = {isa = PBXFileReference; lastKnownFileType = sourcecode.swift; path = Observing_a_TextFieldUITests.swift; sourceTree = "<group>"; };
		909A3F812CB48C8500B34733 /* Observing_a_TextFieldUITestsLaunchTests.swift */ = {isa = PBXFileReference; lastKnownFileType = sourcecode.swift; path = Observing_a_TextFieldUITestsLaunchTests.swift; sourceTree = "<group>"; };
		909A3F902CB48CCE00B34733 /* ReservationForm.swift */ = {isa = PBXFileReference; lastKnownFileType = sourcecode.swift; path = ReservationForm.swift; sourceTree = "<group>"; };
/* End PBXFileReference section */

/* Begin PBXFrameworksBuildPhase section */
		909A3F5E2CB48C8200B34733 /* Frameworks */ = {
			isa = PBXFrameworksBuildPhase;
			buildActionMask = 2147483647;
			files = (
			);
			runOnlyForDeploymentPostprocessing = 0;
		};
		909A3F6E2CB48C8500B34733 /* Frameworks */ = {
			isa = PBXFrameworksBuildPhase;
			buildActionMask = 2147483647;
			files = (
			);
			runOnlyForDeploymentPostprocessing = 0;
		};
		909A3F782CB48C8500B34733 /* Frameworks */ = {
			isa = PBXFrameworksBuildPhase;
			buildActionMask = 2147483647;
			files = (
			);
			runOnlyForDeploymentPostprocessing = 0;
		};
/* End PBXFrameworksBuildPhase section */

/* Begin PBXGroup section */
		909A3F582CB48C8200B34733 = {
			isa = PBXGroup;
			children = (
				909A3F632CB48C8200B34733 /* Observing a TextField */,
				909A3F742CB48C8500B34733 /* Observing a TextFieldTests */,
				909A3F7E2CB48C8500B34733 /* Observing a TextFieldUITests */,
				909A3F622CB48C8200B34733 /* Products */,
			);
			sourceTree = "<group>";
		};
		909A3F622CB48C8200B34733 /* Products */ = {
			isa = PBXGroup;
			children = (
				909A3F612CB48C8200B34733 /* Observing a TextField.app */,
				909A3F712CB48C8500B34733 /* Observing a TextFieldTests.xctest */,
				909A3F7B2CB48C8500B34733 /* Observing a TextFieldUITests.xctest */,
			);
			name = Products;
			sourceTree = "<group>";
		};
		909A3F632CB48C8200B34733 /* Observing a TextField */ = {
			isa = PBXGroup;
			children = (
				909A3F642CB48C8200B34733 /* Observing_a_TextFieldApp.swift */,
				909A3F662CB48C8200B34733 /* ContentView.swift */,
				909A3F902CB48CCE00B34733 /* ReservationForm.swift */,
				909A3F682CB48C8400B34733 /* Assets.xcassets */,
				909A3F6A2CB48C8400B34733 /* Preview Content */,
			);
			path = "Observing a TextField";
			sourceTree = "<group>";
		};
		909A3F6A2CB48C8400B34733 /* Preview Content */ = {
			isa = PBXGroup;
			children = (
				909A3F6B2CB48C8400B34733 /* Preview Assets.xcassets */,
			);
			path = "Preview Content";
			sourceTree = "<group>";
		};
		909A3F742CB48C8500B34733 /* Observing a TextFieldTests */ = {
			isa = PBXGroup;
			children = (
				909A3F752CB48C8500B34733 /* Observing_a_TextFieldTests.swift */,
			);
			path = "Observing a TextFieldTests";
			sourceTree = "<group>";
		};
		909A3F7E2CB48C8500B34733 /* Observing a TextFieldUITests */ = {
			isa = PBXGroup;
			children = (
				909A3F7F2CB48C8500B34733 /* Observing_a_TextFieldUITests.swift */,
				909A3F812CB48C8500B34733 /* Observing_a_TextFieldUITestsLaunchTests.swift */,
			);
			path = "Observing a TextFieldUITests";
			sourceTree = "<group>";
		};
/* End PBXGroup section */

/* Begin PBXNativeTarget section */
		909A3F602CB48C8200B34733 /* Observing a TextField */ = {
			isa = PBXNativeTarget;
			buildConfigurationList = 909A3F852CB48C8500B34733 /* Build configuration list for PBXNativeTarget "Observing a TextField" */;
			buildPhases = (
				909A3F5D2CB48C8200B34733 /* Sources */,
				909A3F5E2CB48C8200B34733 /* Frameworks */,
				909A3F5F2CB48C8200B34733 /* Resources */,
			);
			buildRules = (
			);
			dependencies = (
			);
			name = "Observing a TextField";
			productName = "Observing a TextField";
			productReference = 909A3F612CB48C8200B34733 /* Observing a TextField.app */;
			productType = "com.apple.product-type.application";
		};
		909A3F702CB48C8500B34733 /* Observing a TextFieldTests */ = {
			isa = PBXNativeTarget;
			buildConfigurationList = 909A3F882CB48C8500B34733 /* Build configuration list for PBXNativeTarget "Observing a TextFieldTests" */;
			buildPhases = (
				909A3F6D2CB48C8500B34733 /* Sources */,
				909A3F6E2CB48C8500B34733 /* Frameworks */,
				909A3F6F2CB48C8500B34733 /* Resources */,
			);
			buildRules = (
			);
			dependencies = (
				909A3F732CB48C8500B34733 /* PBXTargetDependency */,
			);
			name = "Observing a TextFieldTests";
			productName = "Observing a TextFieldTests";
			productReference = 909A3F712CB48C8500B34733 /* Observing a TextFieldTests.xctest */;
			productType = "com.apple.product-type.bundle.unit-test";
		};
		909A3F7A2CB48C8500B34733 /* Observing a TextFieldUITests */ = {
			isa = PBXNativeTarget;
			buildConfigurationList = 909A3F8B2CB48C8500B34733 /* Build configuration list for PBXNativeTarget "Observing a TextFieldUITests" */;
			buildPhases = (
				909A3F772CB48C8500B34733 /* Sources */,
				909A3F782CB48C8500B34733 /* Frameworks */,
				909A3F792CB48C8500B34733 /* Resources */,
			);
			buildRules = (
			);
			dependencies = (
				909A3F7D2CB48C8500B34733 /* PBXTargetDependency */,
			);
			name = "Observing a TextFieldUITests";
			productName = "Observing a TextFieldUITests";
			productReference = 909A3F7B2CB48C8500B34733 /* Observing a TextFieldUITests.xctest */;
			productType = "com.apple.product-type.bundle.ui-testing";
		};
/* End PBXNativeTarget section */

/* Begin PBXProject section */
		909A3F592CB48C8200B34733 /* Project object */ = {
			isa = PBXProject;
			attributes = {
				BuildIndependentTargetsInParallel = 1;
				LastSwiftUpdateCheck = 1540;
				LastUpgradeCheck = 1540;
				TargetAttributes = {
					909A3F602CB48C8200B34733 = {
						CreatedOnToolsVersion = 15.4;
					};
					909A3F702CB48C8500B34733 = {
						CreatedOnToolsVersion = 15.4;
						TestTargetID = 909A3F602CB48C8200B34733;
					};
					909A3F7A2CB48C8500B34733 = {
						CreatedOnToolsVersion = 15.4;
						TestTargetID = 909A3F602CB48C8200B34733;
					};
				};
			};
			buildConfigurationList = 909A3F5C2CB48C8200B34733 /* Build configuration list for PBXProject "Observing a TextField" */;
			compatibilityVersion = "Xcode 14.0";
			developmentRegion = en;
			hasScannedForEncodings = 0;
			knownRegions = (
				en,
				Base,
			);
			mainGroup = 909A3F582CB48C8200B34733;
			productRefGroup = 909A3F622CB48C8200B34733 /* Products */;
			projectDirPath = "";
			projectRoot = "";
			targets = (
				909A3F602CB48C8200B34733 /* Observing a TextField */,
				909A3F702CB48C8500B34733 /* Observing a TextFieldTests */,
				909A3F7A2CB48C8500B34733 /* Observing a TextFieldUITests */,
			);
		};
/* End PBXProject section */

/* Begin PBXResourcesBuildPhase section */
		909A3F5F2CB48C8200B34733 /* Resources */ = {
			isa = PBXResourcesBuildPhase;
			buildActionMask = 2147483647;
			files = (
				909A3F6C2CB48C8400B34733 /* Preview Assets.xcassets in Resources */,
				909A3F692CB48C8400B34733 /* Assets.xcassets in Resources */,
			);
			runOnlyForDeploymentPostprocessing = 0;
		};
		909A3F6F2CB48C8500B34733 /* Resources */ = {
			isa = PBXResourcesBuildPhase;
			buildActionMask = 2147483647;
			files = (
			);
			runOnlyForDeploymentPostprocessing = 0;
		};
		909A3F792CB48C8500B34733 /* Resources */ = {
			isa = PBXResourcesBuildPhase;
			buildActionMask = 2147483647;
			files = (
			);
			runOnlyForDeploymentPostprocessing = 0;
		};
/* End PBXResourcesBuildPhase section */

/* Begin PBXSourcesBuildPhase section */
		909A3F5D2CB48C8200B34733 /* Sources */ = {
			isa = PBXSourcesBuildPhase;
			buildActionMask = 2147483647;
			files = (
				909A3F672CB48C8200B34733 /* ContentView.swift in Sources */,
				909A3F652CB48C8200B34733 /* Observing_a_TextFieldApp.swift in Sources */,
				909A3F912CB48CCE00B34733 /* ReservationForm.swift in Sources */,
			);
			runOnlyForDeploymentPostprocessing = 0;
		};
		909A3F6D2CB48C8500B34733 /* Sources */ = {
			isa = PBXSourcesBuildPhase;
			buildActionMask = 2147483647;
			files = (
				909A3F762CB48C8500B34733 /* Observing_a_TextFieldTests.swift in Sources */,
			);
			runOnlyForDeploymentPostprocessing = 0;
		};
		909A3F772CB48C8500B34733 /* Sources */ = {
			isa = PBXSourcesBuildPhase;
			buildActionMask = 2147483647;
			files = (
				909A3F822CB48C8500B34733 /* Observing_a_TextFieldUITestsLaunchTests.swift in Sources */,
				909A3F802CB48C8500B34733 /* Observing_a_TextFieldUITests.swift in Sources */,
			);
			runOnlyForDeploymentPostprocessing = 0;
		};
/* End PBXSourcesBuildPhase section */

/* Begin PBXTargetDependency section */
		909A3F732CB48C8500B34733 /* PBXTargetDependency */ = {
			isa = PBXTargetDependency;
			target = 909A3F602CB48C8200B34733 /* Observing a TextField */;
			targetProxy = 909A3F722CB48C8500B34733 /* PBXContainerItemProxy */;
		};
		909A3F7D2CB48C8500B34733 /* PBXTargetDependency */ = {
			isa = PBXTargetDependency;
			target = 909A3F602CB48C8200B34733 /* Observing a TextField */;
			targetProxy = 909A3F7C2CB48C8500B34733 /* PBXContainerItemProxy */;
		};
/* End PBXTargetDependency section */

/* Begin XCBuildConfiguration section */
		909A3F832CB48C8500B34733 /* Debug */ = {
			isa = XCBuildConfiguration;
			buildSettings = {
				ALWAYS_SEARCH_USER_PATHS = NO;
				ASSETCATALOG_COMPILER_GENERATE_SWIFT_ASSET_SYMBOL_EXTENSIONS = YES;
				CLANG_ANALYZER_NONNULL = YES;
				CLANG_ANALYZER_NUMBER_OBJECT_CONVERSION = YES_AGGRESSIVE;
				CLANG_CXX_LANGUAGE_STANDARD = "gnu++20";
				CLANG_ENABLE_MODULES = YES;
				CLANG_ENABLE_OBJC_ARC = YES;
				CLANG_ENABLE_OBJC_WEAK = YES;
				CLANG_WARN_BLOCK_CAPTURE_AUTORELEASING = YES;
				CLANG_WARN_BOOL_CONVERSION = YES;
				CLANG_WARN_COMMA = YES;
				CLANG_WARN_CONSTANT_CONVERSION = YES;
				CLANG_WARN_DEPRECATED_OBJC_IMPLEMENTATIONS = YES;
				CLANG_WARN_DIRECT_OBJC_ISA_USAGE = YES_ERROR;
				CLANG_WARN_DOCUMENTATION_COMMENTS = YES;
				CLANG_WARN_EMPTY_BODY = YES;
				CLANG_WARN_ENUM_CONVERSION = YES;
				CLANG_WARN_INFINITE_RECURSION = YES;
				CLANG_WARN_INT_CONVERSION = YES;
				CLANG_WARN_NON_LITERAL_NULL_CONVERSION = YES;
				CLANG_WARN_OBJC_IMPLICIT_RETAIN_SELF = YES;
				CLANG_WARN_OBJC_LITERAL_CONVERSION = YES;
				CLANG_WARN_OBJC_ROOT_CLASS = YES_ERROR;
				CLANG_WARN_QUOTED_INCLUDE_IN_FRAMEWORK_HEADER = YES;
				CLANG_WARN_RANGE_LOOP_ANALYSIS = YES;
				CLANG_WARN_STRICT_PROTOTYPES = YES;
				CLANG_WARN_SUSPICIOUS_MOVE = YES;
				CLANG_WARN_UNGUARDED_AVAILABILITY = YES_AGGRESSIVE;
				CLANG_WARN_UNREACHABLE_CODE = YES;
				CLANG_WARN__DUPLICATE_METHOD_MATCH = YES;
				COPY_PHASE_STRIP = NO;
				DEBUG_INFORMATION_FORMAT = dwarf;
				ENABLE_STRICT_OBJC_MSGSEND = YES;
				ENABLE_TESTABILITY = YES;
				ENABLE_USER_SCRIPT_SANDBOXING = YES;
				GCC_C_LANGUAGE_STANDARD = gnu17;
				GCC_DYNAMIC_NO_PIC = NO;
				GCC_NO_COMMON_BLOCKS = YES;
				GCC_OPTIMIZATION_LEVEL = 0;
				GCC_PREPROCESSOR_DEFINITIONS = (
					"DEBUG=1",
					"$(inherited)",
				);
				GCC_WARN_64_TO_32_BIT_CONVERSION = YES;
				GCC_WARN_ABOUT_RETURN_TYPE = YES_ERROR;
				GCC_WARN_UNDECLARED_SELECTOR = YES;
				GCC_WARN_UNINITIALIZED_AUTOS = YES_AGGRESSIVE;
				GCC_WARN_UNUSED_FUNCTION = YES;
				GCC_WARN_UNUSED_VARIABLE = YES;
				IPHONEOS_DEPLOYMENT_TARGET = 17.5;
				LOCALIZATION_PREFERS_STRING_CATALOGS = YES;
				MTL_ENABLE_DEBUG_INFO = INCLUDE_SOURCE;
				MTL_FAST_MATH = YES;
				ONLY_ACTIVE_ARCH = YES;
				SDKROOT = iphoneos;
				SWIFT_ACTIVE_COMPILATION_CONDITIONS = "DEBUG $(inherited)";
				SWIFT_OPTIMIZATION_LEVEL = "-Onone";
			};
			name = Debug;
		};
		909A3F842CB48C8500B34733 /* Release */ = {
			isa = XCBuildConfiguration;
			buildSettings = {
				ALWAYS_SEARCH_USER_PATHS = NO;
				ASSETCATALOG_COMPILER_GENERATE_SWIFT_ASSET_SYMBOL_EXTENSIONS = YES;
				CLANG_ANALYZER_NONNULL = YES;
				CLANG_ANALYZER_NUMBER_OBJECT_CONVERSION = YES_AGGRESSIVE;
				CLANG_CXX_LANGUAGE_STANDARD = "gnu++20";
				CLANG_ENABLE_MODULES = YES;
				CLANG_ENABLE_OBJC_ARC = YES;
				CLANG_ENABLE_OBJC_WEAK = YES;
				CLANG_WARN_BLOCK_CAPTURE_AUTORELEASING = YES;
				CLANG_WARN_BOOL_CONVERSION = YES;
				CLANG_WARN_COMMA = YES;
				CLANG_WARN_CONSTANT_CONVERSION = YES;
				CLANG_WARN_DEPRECATED_OBJC_IMPLEMENTATIONS = YES;
				CLANG_WARN_DIRECT_OBJC_ISA_USAGE = YES_ERROR;
				CLANG_WARN_DOCUMENTATION_COMMENTS = YES;
				CLANG_WARN_EMPTY_BODY = YES;
				CLANG_WARN_ENUM_CONVERSION = YES;
				CLANG_WARN_INFINITE_RECURSION = YES;
				CLANG_WARN_INT_CONVERSION = YES;
				CLANG_WARN_NON_LITERAL_NULL_CONVERSION = YES;
				CLANG_WARN_OBJC_IMPLICIT_RETAIN_SELF = YES;
				CLANG_WARN_OBJC_LITERAL_CONVERSION = YES;
				CLANG_WARN_OBJC_ROOT_CLASS = YES_ERROR;
				CLANG_WARN_QUOTED_INCLUDE_IN_FRAMEWORK_HEADER = YES;
				CLANG_WARN_RANGE_LOOP_ANALYSIS = YES;
				CLANG_WARN_STRICT_PROTOTYPES = YES;
				CLANG_WARN_SUSPICIOUS_MOVE = YES;
				CLANG_WARN_UNGUARDED_AVAILABILITY = YES_AGGRESSIVE;
				CLANG_WARN_UNREACHABLE_CODE = YES;
				CLANG_WARN__DUPLICATE_METHOD_MATCH = YES;
				COPY_PHASE_STRIP = NO;
				DEBUG_INFORMATION_FORMAT = "dwarf-with-dsym";
				ENABLE_NS_ASSERTIONS = NO;
				ENABLE_STRICT_OBJC_MSGSEND = YES;
				ENABLE_USER_SCRIPT_SANDBOXING = YES;
				GCC_C_LANGUAGE_STANDARD = gnu17;
				GCC_NO_COMMON_BLOCKS = YES;
				GCC_WARN_64_TO_32_BIT_CONVERSION = YES;
				GCC_WARN_ABOUT_RETURN_TYPE = YES_ERROR;
				GCC_WARN_UNDECLARED_SELECTOR = YES;
				GCC_WARN_UNINITIALIZED_AUTOS = YES_AGGRESSIVE;
				GCC_WARN_UNUSED_FUNCTION = YES;
				GCC_WARN_UNUSED_VARIABLE = YES;
				IPHONEOS_DEPLOYMENT_TARGET = 17.5;
				LOCALIZATION_PREFERS_STRING_CATALOGS = YES;
				MTL_ENABLE_DEBUG_INFO = NO;
				MTL_FAST_MATH = YES;
				SDKROOT = iphoneos;
				SWIFT_COMPILATION_MODE = wholemodule;
				VALIDATE_PRODUCT = YES;
			};
			name = Release;
		};
		909A3F862CB48C8500B34733 /* Debug */ = {
			isa = XCBuildConfiguration;
			buildSettings = {
				ASSETCATALOG_COMPILER_APPICON_NAME = AppIcon;
				ASSETCATALOG_COMPILER_GLOBAL_ACCENT_COLOR_NAME = AccentColor;
				CODE_SIGN_STYLE = Automatic;
				CURRENT_PROJECT_VERSION = 1;
				DEVELOPMENT_ASSET_PATHS = "\"Observing a TextField/Preview Content\"";
				ENABLE_PREVIEWS = YES;
				GENERATE_INFOPLIST_FILE = YES;
				INFOPLIST_KEY_UIApplicationSceneManifest_Generation = YES;
				INFOPLIST_KEY_UIApplicationSupportsIndirectInputEvents = YES;
				INFOPLIST_KEY_UILaunchScreen_Generation = YES;
				INFOPLIST_KEY_UISupportedInterfaceOrientations_iPad = "UIInterfaceOrientationPortrait UIInterfaceOrientationPortraitUpsideDown UIInterfaceOrientationLandscapeLeft UIInterfaceOrientationLandscapeRight";
				INFOPLIST_KEY_UISupportedInterfaceOrientations_iPhone = "UIInterfaceOrientationPortrait UIInterfaceOrientationLandscapeLeft UIInterfaceOrientationLandscapeRight";
				LD_RUNPATH_SEARCH_PATHS = (
					"$(inherited)",
					"@executable_path/Frameworks",
				);
				MARKETING_VERSION = 1.0;
				PRODUCT_BUNDLE_IDENTIFIER = "conan.Observing-a-TextField";
				PRODUCT_NAME = "$(TARGET_NAME)";
				SWIFT_EMIT_LOC_STRINGS = YES;
				SWIFT_VERSION = 5.0;
				TARGETED_DEVICE_FAMILY = "1,2";
			};
			name = Debug;
		};
		909A3F872CB48C8500B34733 /* Release */ = {
			isa = XCBuildConfiguration;
			buildSettings = {
				ASSETCATALOG_COMPILER_APPICON_NAME = AppIcon;
				ASSETCATALOG_COMPILER_GLOBAL_ACCENT_COLOR_NAME = AccentColor;
				CODE_SIGN_STYLE = Automatic;
				CURRENT_PROJECT_VERSION = 1;
				DEVELOPMENT_ASSET_PATHS = "\"Observing a TextField/Preview Content\"";
				ENABLE_PREVIEWS = YES;
				GENERATE_INFOPLIST_FILE = YES;
				INFOPLIST_KEY_UIApplicationSceneManifest_Generation = YES;
				INFOPLIST_KEY_UIApplicationSupportsIndirectInputEvents = YES;
				INFOPLIST_KEY_UILaunchScreen_Generation = YES;
				INFOPLIST_KEY_UISupportedInterfaceOrientations_iPad = "UIInterfaceOrientationPortrait UIInterfaceOrientationPortraitUpsideDown UIInterfaceOrientationLandscapeLeft UIInterfaceOrientationLandscapeRight";
				INFOPLIST_KEY_UISupportedInterfaceOrientations_iPhone = "UIInterfaceOrientationPortrait UIInterfaceOrientationLandscapeLeft UIInterfaceOrientationLandscapeRight";
				LD_RUNPATH_SEARCH_PATHS = (
					"$(inherited)",
					"@executable_path/Frameworks",
				);
				MARKETING_VERSION = 1.0;
				PRODUCT_BUNDLE_IDENTIFIER = "conan.Observing-a-TextField";
				PRODUCT_NAME = "$(TARGET_NAME)";
				SWIFT_EMIT_LOC_STRINGS = YES;
				SWIFT_VERSION = 5.0;
				TARGETED_DEVICE_FAMILY = "1,2";
			};
			name = Release;
		};
		909A3F892CB48C8500B34733 /* Debug */ = {
			isa = XCBuildConfiguration;
			buildSettings = {
				ALWAYS_EMBED_SWIFT_STANDARD_LIBRARIES = YES;
				BUNDLE_LOADER = "$(TEST_HOST)";
				CODE_SIGN_STYLE = Automatic;
				CURRENT_PROJECT_VERSION = 1;
				GENERATE_INFOPLIST_FILE = YES;
				IPHONEOS_DEPLOYMENT_TARGET = 17.5;
				MARKETING_VERSION = 1.0;
				PRODUCT_BUNDLE_IDENTIFIER = "conan.Observing-a-TextFieldTests";
				PRODUCT_NAME = "$(TARGET_NAME)";
				SWIFT_EMIT_LOC_STRINGS = NO;
				SWIFT_VERSION = 5.0;
				TARGETED_DEVICE_FAMILY = "1,2";
				TEST_HOST = "$(BUILT_PRODUCTS_DIR)/Observing a TextField.app/$(BUNDLE_EXECUTABLE_FOLDER_PATH)/Observing a TextField";
			};
			name = Debug;
		};
		909A3F8A2CB48C8500B34733 /* Release */ = {
			isa = XCBuildConfiguration;
			buildSettings = {
				ALWAYS_EMBED_SWIFT_STANDARD_LIBRARIES = YES;
				BUNDLE_LOADER = "$(TEST_HOST)";
				CODE_SIGN_STYLE = Automatic;
				CURRENT_PROJECT_VERSION = 1;
				GENERATE_INFOPLIST_FILE = YES;
				IPHONEOS_DEPLOYMENT_TARGET = 17.5;
				MARKETING_VERSION = 1.0;
				PRODUCT_BUNDLE_IDENTIFIER = "conan.Observing-a-TextFieldTests";
				PRODUCT_NAME = "$(TARGET_NAME)";
				SWIFT_EMIT_LOC_STRINGS = NO;
				SWIFT_VERSION = 5.0;
				TARGETED_DEVICE_FAMILY = "1,2";
				TEST_HOST = "$(BUILT_PRODUCTS_DIR)/Observing a TextField.app/$(BUNDLE_EXECUTABLE_FOLDER_PATH)/Observing a TextField";
			};
			name = Release;
		};
		909A3F8C2CB48C8500B34733 /* Debug */ = {
			isa = XCBuildConfiguration;
			buildSettings = {
				ALWAYS_EMBED_SWIFT_STANDARD_LIBRARIES = YES;
				CODE_SIGN_STYLE = Automatic;
				CURRENT_PROJECT_VERSION = 1;
				GENERATE_INFOPLIST_FILE = YES;
				MARKETING_VERSION = 1.0;
				PRODUCT_BUNDLE_IDENTIFIER = "conan.Observing-a-TextFieldUITests";
				PRODUCT_NAME = "$(TARGET_NAME)";
				SWIFT_EMIT_LOC_STRINGS = NO;
				SWIFT_VERSION = 5.0;
				TARGETED_DEVICE_FAMILY = "1,2";
				TEST_TARGET_NAME = "Observing a TextField";
			};
			name = Debug;
		};
		909A3F8D2CB48C8500B34733 /* Release */ = {
			isa = XCBuildConfiguration;
			buildSettings = {
				ALWAYS_EMBED_SWIFT_STANDARD_LIBRARIES = YES;
				CODE_SIGN_STYLE = Automatic;
				CURRENT_PROJECT_VERSION = 1;
				GENERATE_INFOPLIST_FILE = YES;
				MARKETING_VERSION = 1.0;
				PRODUCT_BUNDLE_IDENTIFIER = "conan.Observing-a-TextFieldUITests";
				PRODUCT_NAME = "$(TARGET_NAME)";
				SWIFT_EMIT_LOC_STRINGS = NO;
				SWIFT_VERSION = 5.0;
				TARGETED_DEVICE_FAMILY = "1,2";
				TEST_TARGET_NAME = "Observing a TextField";
			};
			name = Release;
		};
/* End XCBuildConfiguration section */

/* Begin XCConfigurationList section */
		909A3F5C2CB48C8200B34733 /* Build configuration list for PBXProject "Observing a TextField" */ = {
			isa = XCConfigurationList;
			buildConfigurations = (
				909A3F832CB48C8500B34733 /* Debug */,
				909A3F842CB48C8500B34733 /* Release */,
			);
			defaultConfigurationIsVisible = 0;
			defaultConfigurationName = Release;
		};
		909A3F852CB48C8500B34733 /* Build configuration list for PBXNativeTarget "Observing a TextField" */ = {
			isa = XCConfigurationList;
			buildConfigurations = (
				909A3F862CB48C8500B34733 /* Debug */,
				909A3F872CB48C8500B34733 /* Release */,
			);
			defaultConfigurationIsVisible = 0;
			defaultConfigurationName = Release;
		};
		909A3F882CB48C8500B34733 /* Build configuration list for PBXNativeTarget "Observing a TextFieldTests" */ = {
			isa = XCConfigurationList;
			buildConfigurations = (
				909A3F892CB48C8500B34733 /* Debug */,
				909A3F8A2CB48C8500B34733 /* Release */,
			);
			defaultConfigurationIsVisible = 0;
			defaultConfigurationName = Release;
		};
		909A3F8B2CB48C8500B34733 /* Build configuration list for PBXNativeTarget "Observing a TextFieldUITests" */ = {
			isa = XCConfigurationList;
			buildConfigurations = (
				909A3F8C2CB48C8500B34733 /* Debug */,
				909A3F8D2CB48C8500B34733 /* Release */,
			);
			defaultConfigurationIsVisible = 0;
			defaultConfigurationName = Release;
		};
/* End XCConfigurationList section */
	};
	rootObject = 909A3F592CB48C8200B34733 /* Project object */;
}
